// Generated by `cargo xtask elaborate --lock`. Do not hand-edit —
// re-run the command and review the diff instead.
(
    checksums: {
        "builtin/Forest": "40fca8a329b1fa48",
        "builtin/Island": "0c2713c97ce9040e",
        "builtin/Mountain": "59ddef73dbcbf631",
        "builtin/Plains": "f17212c852eb62e2",
        "builtin/Swamp": "f193955f1a599599",
        "canon/Alaborn Grenadier": "dc588a7833b81b4e",
        "canon/Arc Lightning": "f68024048ecdb3d6",
        "canon/Bad Moon": "ca7a6e48a41ef3d7",
        "canon/Baleful Strix": "2a938c31440f968d",
        "canon/Bloodfire Expert": "23e47c780c2c6a3c",
        "canon/Boggart Brute": "74227c52658d4453",
        "canon/Boros Swiftblade": "8389a57eaa110638",
        "canon/Brainstorm": "ddafa37982b54386",
        "canon/Centaur Courser": "8ab600c78014a5fc",
        "canon/Darkest Hour": "a6921349277dde86",
        "canon/Darksteel Myr": "722c7b01b7423722",
        "canon/Deepwood Tantiv": "3c32de9cddff0852",
        "canon/Diregraf Ghoul": "27f996447561cf7e",
        "canon/Elesh Norn, Grand Cenobite": "1e60eccdc0a0b39d",
        "canon/Elvish Visionary": "7f6d3e80579a4a18",
        "canon/Exploration": "516164eb8a3097c7",
        "canon/Fangren Hunter": "8ce0d8209d254d68",
        "canon/Fate Transfer": "b4451b46cff2a34d",
        "canon/Flame Rift": "34ef110e03c1c14e",
        "canon/Footlight Fiend": "133915095789c59a",
        "canon/Giant Spider": "f27bd2b776ff59c1",
        "canon/Gladecover Scout": "e5b4b68f53880814",
        "canon/Glorious Anthem": "a1429d40f4c11e29",
        "canon/Goblin Brigand": "65e58d7a932fb276",
        "canon/Goblin Medics": "702d827bf7760879",
        "canon/Grizzled Outrider": "0ac9adf33cb0f624",
        "canon/Grizzly Bears": "578e6aec738d07ba",
        "canon/Humility": "1cbebe5862f18043",
        "canon/Kabira Crossroads": "dee4d1a0cb610378",
        "canon/Library Larcenist": "b4e8851b8769b9f4",
        "canon/Lightning Bolt": "b20dc8031984187e",
        "canon/Mana Leak": "2080d6b9aae44b7f",
        "canon/Moonlit Wake": "71be4f319707b830",
        "canon/Night of Souls' Betrayal": "417e396df7363562",
        "canon/Pacifism": "cb961efd69a40662",
        "canon/Panharmonicon": "66ba48e9a1491ad7",
        "canon/Phantasmal Bear": "4f80c039ccc138cf",
        "canon/Pounce": "a65852fe3031348f",
        "canon/Pouncing Cheetah": "43d205de7c2a3a4f",
        "canon/Pyroclasm": "250221d1b7667e0e",
        "canon/Reliquary Tower": "9dc70f59b19812df",
        "canon/Serra's Blessing": "40007d74b7f56f9e",
        "canon/Standard Bearer": "7da703a5d07b9d69",
        "canon/Steadfast Paladin": "31e12bc3234521b4",
        "canon/Taunting Elf": "587cb4855ef382c3",
        "canon/Treasure Cruise": "fc234770f986c914",
        "canon/Tribal Flames": "98a11d5e7529a2ac",
        "canon/Typhoid Rats": "dda44f5685fc97d0",
        "canon/Walking Corpse": "a48b6773e5acff3b",
        "canon/Wall of Stone": "a7b361087a2a03b1",
        "canon/Willow Elf": "03f998809cd4cbb1",
        "canon/Youthful Knight": "db1d0b38b12c4152",
        "testing/Animate enchantments": "06f03fc8d9cfa4e5",
        "testing/Artifact X-activated Draw": "86cfabd3d089d574",
        "testing/Artifact mana-activated DrawCards": "330e82d48249c798",
        "testing/Artifact once-per-game DrawCards": "a71383cf6b4cae19",
        "testing/Artifact once-per-turn DrawCards": "a29a333185f28c28",
        "testing/Artifact sorcery-speed DrawCards": "f1c6ffb4d89187c0",
        "testing/Creature tap-activated DealDamage AnyTarget": "e3456f72f46f85bd",
        "testing/Exalted Creature": "0f521836036f6d6c",
        "testing/Sorcery Convoke Draw": "e0885abd7c052676",
        "testing/Sorcery Delve Draw": "b08d8440c3678a38",
        "testing/Sorcery X DealDamage AnyTarget": "4e16349270546c4f",
        "testing/Sorcery X Draw": "bf5c7d797503f17d",
        "testing/Trample Deathtouch Creature": "31d4f144adeb62a9",
        "testing/Trample granter": "c3e2f58f6ef8e28b",
        "testing/Trample tautology": "0446763e824299f7",
        "testing/Ward Creature": "3b9abdb473699224",
    },
)
