// Generated by `cargo xtask elaborate --lock`. Do not hand-edit —
// re-run the command and review the diff instead.
(
    checksums: {
        "builtin/Forest": "a2d03c966221f7cb",
        "builtin/Island": "8216b265ffa0df7d",
        "builtin/Mountain": "7d1313dd4b522879",
        "builtin/Plains": "7bcaea18bc2679b0",
        "builtin/Swamp": "c41b187d5315c450",
        "canon/Alaborn Grenadier": "b63045557748aeee",
        "canon/Arc Lightning": "8c41d2624b1be03c",
        "canon/Bad Moon": "ca7a6e48a41ef3d7",
        "canon/Baleful Strix": "5de9c20b16a59e04",
        "canon/Bloodfire Expert": "8e4af222b1031277",
        "canon/Boggart Brute": "615176d616c4e6d1",
        "canon/Boros Swiftblade": "140359af646a7dcd",
        "canon/Brainstorm": "051d0bb6d58dbb93",
        "canon/Centaur Courser": "09f949fadc339730",
        "canon/Collective Resistance": "ccdab4776aff039a",
        "canon/Darkest Hour": "a6921349277dde86",
        "canon/Darksteel Myr": "148e0d9e98018afa",
        "canon/Deepwood Tantiv": "1076314b09741685",
        "canon/Diregraf Ghoul": "abcf895ca4346a05",
        "canon/Do or Die": "ea16308b82183879",
        "canon/Elesh Norn, Grand Cenobite": "3f1538eacced33cd",
        "canon/Elvish Visionary": "c05daad9efae3d7b",
        "canon/Exploration": "516164eb8a3097c7",
        "canon/Fangren Hunter": "0c3a84a064552e0e",
        "canon/Fate Transfer": "b58da0f519973332",
        "canon/Flame Rift": "87f513709122efa4",
        "canon/Fling": "4cf6aa0aaa10c484",
        "canon/Footlight Fiend": "2ef743fc691aeb4c",
        "canon/Giant Spider": "893609bda1d56cc9",
        "canon/Gladecover Scout": "483a3bfeff663e27",
        "canon/Glorious Anthem": "a1429d40f4c11e29",
        "canon/Goblin Brigand": "7f7a7419fcf410e4",
        "canon/Goblin Medics": "b96ebba27a8379b7",
        "canon/Grizzled Outrider": "f804fe7363260f59",
        "canon/Grizzly Bears": "c56b9e459f6ae04d",
        "canon/Humility": "1cbebe5862f18043",
        "canon/Kabira Crossroads": "dee4d1a0cb610378",
        "canon/Library Larcenist": "3ce2e26cd2cdd66e",
        "canon/Lightning Bolt": "051c78e815d2241d",
        "canon/Mana Leak": "ce8d17a8ff5d78fc",
        "canon/Moonlit Wake": "71be4f319707b830",
        "canon/Night of Souls' Betrayal": "417e396df7363562",
        "canon/Otherworldly Journey": "7b2ec80e11e011fd",
        "canon/Pacifism": "3da083e1972fcdcd",
        "canon/Panharmonicon": "66ba48e9a1491ad7",
        "canon/Phantasmal Bear": "74f512b0fd92616b",
        "canon/Pounce": "9b8da2f7c74639c9",
        "canon/Pouncing Cheetah": "aa0c1561e2bf367c",
        "canon/Pyroclasm": "450cb27ab2444af9",
        "canon/Reliquary Tower": "9dc70f59b19812df",
        "canon/Serra's Blessing": "40007d74b7f56f9e",
        "canon/Standard Bearer": "58ce3a25c38de535",
        "canon/Steadfast Paladin": "0e59ac061c385ee4",
        "canon/Taunting Elf": "fc185692f3714be1",
        "canon/Tome Scour": "618187c0bd2ac8cd",
        "canon/Treasure Cruise": "42c6051b5ae026dc",
        "canon/Tribal Flames": "b39ac8b08422a6fe",
        "canon/Typhoid Rats": "c248c6e75f54e721",
        "canon/Walking Corpse": "eb1874a364ec0f1b",
        "canon/Wall of Stone": "4e3366ab964c3a58",
        "canon/Willow Elf": "773c1da776f4d216",
        "canon/Youthful Knight": "b959d9e575e235d1",
        "testing/Animate enchantments": "06f03fc8d9cfa4e5",
        "testing/Artifact X-activated Draw": "f4fefb31f8dbcfd9",
        "testing/Artifact mana-activated DrawCards": "330e82d48249c798",
        "testing/Artifact once-per-game DrawCards": "a71383cf6b4cae19",
        "testing/Artifact once-per-turn DrawCards": "a29a333185f28c28",
        "testing/Artifact sorcery-speed DrawCards": "f1c6ffb4d89187c0",
        "testing/Creature ETB Fight One Target": "faa7ca88a3f5beab",
        "testing/Creature tap-activated DealDamage AnyTarget": "abd6df7766aefa20",
        "testing/Exalted Creature": "6fe5286a2ac9d628",
        "testing/Kicker Charm": "9ab1146a8ca9fff4",
        "testing/Multikicker Chant": "d91b245c5f7070b3",
        "testing/Sorcery Convoke Draw": "e0885abd7c052676",
        "testing/Sorcery Delve Draw": "b08d8440c3678a38",
        "testing/Sorcery Fight Two Targets": "06a43a8af4e1461c",
        "testing/Sorcery X DealDamage AnyTarget": "199a64cd075ae95f",
        "testing/Sorcery X Draw": "6acf077787f0580e",
        "testing/Test Saga": "b86469b1a4a293c6",
        "testing/Trample Deathtouch Creature": "31d4f144adeb62a9",
        "testing/Trample granter": "c3e2f58f6ef8e28b",
        "testing/Trample tautology": "0446763e824299f7",
        "testing/Ward Creature": "5f03f76ceb49407b",
        "testing/Ward X Creature": "bc25dcaaaa9d5b22",
    },
)
