{
  "tested": [
    "101.1",
    "101.4",
    "102.1",
    "102.3",
    "103.2b",
    "103.8a",
    "104.1",
    "104.2a",
    "104.3a",
    "104.4a",
    "105.2",
    "105.2c",
    "106.12",
    "106.12a",
    "106.1b",
    "106.4",
    "106.6",
    "107.1",
    "107.1b",
    "107.3",
    "107.3a",
    "107.3c",
    "107.4e",
    "107.4f",
    "107.4h",
    "107.5",
    "108.4",
    "109.1",
    "109.3",
    "109.4",
    "110.1",
    "110.2",
    "110.2a",
    "110.4a",
    "110.5a",
    "110.5d",
    "111.1",
    "111.10",
    "111.10a",
    "111.10b",
    "111.10c",
    "111.10f",
    "111.10g",
    "111.10w",
    "111.3",
    "112.1a",
    "113.12",
    "113.1c",
    "113.6",
    "113.9",
    "114.1",
    "115",
    "115.1",
    "115.3",
    "115.4",
    "115.7",
    "115.7a",
    "115.7b",
    "115.7c",
    "115.7d",
    "115.7e",
    "115.9a",
    "116.2a",
    "117.1a",
    "117.3c",
    "118.12a",
    "118.5",
    "118.5a",
    "118.6",
    "118.8",
    "118.8a",
    "119.1",
    "119.10",
    "119.4",
    "119.5",
    "119.9",
    "120.1",
    "120.3",
    "120.3c",
    "120.3d",
    "120.3e",
    "121",
    "121.1",
    "121.2",
    "121.2a",
    "121.5",
    "122",
    "122.1",
    "122.1a",
    "122.1b",
    "122.1c",
    "122.1f",
    "122.6",
    "122.6a",
    "201.5",
    "201.5c",
    "202.1b",
    "202.2e",
    "202.3",
    "205.1b",
    "205.3c",
    "205.3d",
    "205.3i",
    "205.3m",
    "207.2c",
    "208.1",
    "208.3",
    "208.3a",
    "209.1",
    "210.1",
    "300.1",
    "301.5",
    "301.6",
    "302.6",
    "303.4a",
    "303.4f",
    "305.2",
    "305.6",
    "305.9",
    "306.5b",
    "306.5c",
    "306.5d",
    "400.1",
    "400.7",
    "400.7d",
    "400.7j",
    "402.2",
    "405.1",
    "500.1",
    "500.5",
    "502.4",
    "506.2",
    "506.3",
    "506.4",
    "506.4c",
    "506.7",
    "508.1",
    "508.1a",
    "508.1b",
    "508.1d",
    "508.1f",
    "508.1m",
    "508.3d",
    "508.8",
    "509.1a",
    "509.1b",
    "509.1c",
    "509.1h",
    "509.3c",
    "510",
    "510.1a",
    "510.1b",
    "510.1c",
    "510.1d",
    "510.2",
    "510.4",
    "511.3",
    "514.2",
    "601.2",
    "601.2a",
    "601.2b",
    "601.2c",
    "601.2d",
    "601.2f",
    "601.2g",
    "601.2h",
    "601.2i",
    "602.2a",
    "602.2b",
    "602.5a",
    "602.5b",
    "602.5d",
    "603.10a",
    "603.2c",
    "603.2d",
    "603.2e",
    "603.3",
    "603.3b",
    "603.3d",
    "603.4",
    "603.6c",
    "603.7a",
    "604.3",
    "605.1a",
    "605.3b",
    "606.2",
    "606.3",
    "606.4",
    "606.6",
    "607",
    "607.1",
    "607.2",
    "607.2a",
    "607.2d",
    "607.3",
    "608.2",
    "608.2a",
    "608.2b",
    "608.2c",
    "608.2d",
    "608.2g",
    "608.2h",
    "608.2i",
    "608.2k",
    "608.2m",
    "608.2n",
    "608.3",
    "609.4",
    "609.7a",
    "611.2a",
    "611.2c",
    "611.3",
    "611.3a",
    "613",
    "613.1",
    "613.1b",
    "613.1e",
    "613.1f",
    "613.4",
    "613.4c",
    "613.5",
    "613.6",
    "613.7",
    "613.8",
    "613.8a",
    "613.8b",
    "614",
    "614.1",
    "614.12",
    "614.17",
    "614.1a",
    "614.1c",
    "614.3",
    "614.5",
    "614.8",
    "615.1",
    "615.7",
    "616.1",
    "616.1g",
    "700.13",
    "700.2d",
    "700.3",
    "700.3a",
    "700.3b",
    "700.4",
    "700.5",
    "700.8",
    "700.8b",
    "700.8d",
    "701",
    "701.12a",
    "701.12b",
    "701.12c",
    "701.12d",
    "701.12f",
    "701.12g",
    "701.12h",
    "701.13",
    "701.13a",
    "701.14a",
    "701.14b",
    "701.17a",
    "701.18",
    "701.19",
    "701.19a",
    "701.19c",
    "701.20a",
    "701.21a",
    "701.22a",
    "701.22c",
    "701.24a",
    "701.26a",
    "701.26b",
    "701.27a",
    "701.29a",
    "701.36a",
    "701.38a",
    "701.38c",
    "701.47a",
    "701.54e",
    "701.6a",
    "701.9",
    "701.9a",
    "701.9b",
    "702",
    "702.107a",
    "702.108a",
    "702.111b",
    "702.11b",
    "702.11d",
    "702.126a",
    "702.128a",
    "702.129a",
    "702.12b",
    "702.131a",
    "702.131b",
    "702.135a",
    "702.139a",
    "702.15",
    "702.151a",
    "702.151b",
    "702.160a",
    "702.172a",
    "702.175a",
    "702.17b",
    "702.19",
    "702.19b",
    "702.19d",
    "702.19f",
    "702.19g",
    "702.2",
    "702.20",
    "702.20b",
    "702.21a",
    "702.21b",
    "702.29a",
    "702.2c",
    "702.33a",
    "702.33c",
    "702.33d",
    "702.33e",
    "702.3b",
    "702.4",
    "702.40a",
    "702.46a",
    "702.51a",
    "702.51b",
    "702.5a",
    "702.65a",
    "702.66a",
    "702.67a",
    "702.7",
    "702.72a",
    "702.77a",
    "702.80",
    "702.80a",
    "702.83a",
    "702.83b",
    "702.89a",
    "702.8a",
    "702.90",
    "702.90b",
    "702.90c",
    "702.97a",
    "702.9b",
    "704",
    "704.1a",
    "704.3",
    "704.5b",
    "704.5c",
    "704.5d",
    "704.5f",
    "704.5g",
    "704.5h",
    "704.5i",
    "704.5m",
    "706.6",
    "707.10",
    "707.10a",
    "707.10b",
    "707.10c",
    "707.10d",
    "707.10e",
    "707.10f",
    "707.12",
    "707.2",
    "707.4",
    "707.5",
    "707.9",
    "707.9a",
    "710.1",
    "711.1",
    "711.2a",
    "711.2b",
    "714",
    "714.2",
    "714.2a",
    "714.2b",
    "714.2c",
    "714.2d",
    "714.3a",
    "714.3c",
    "714.4",
    "718.1",
    "718.2",
    "718.3a",
    "721.4",
    "725.1",
    "733.1",
    "733.2",
    "810.1",
    "903.3"
  ],
  "strong": [
    "100.2a",
    "100.2b",
    "101.1",
    "101.2",
    "101.3",
    "101.4",
    "101.4b",
    "102.1",
    "102.2",
    "102.3",
    "102.4",
    "103",
    "103.1",
    "103.2b",
    "103.5",
    "103.6",
    "103.8a",
    "104",
    "104.1",
    "104.2a",
    "104.2b",
    "104.3",
    "104.3a",
    "104.3c",
    "104.3e",
    "104.3f",
    "104.4",
    "104.4a",
    "104.4b",
    "105.1",
    "105.2",
    "105.2b",
    "105.2c",
    "105.4",
    "106",
    "106.1",
    "106.12",
    "106.12a",
    "106.1b",
    "106.4",
    "106.6",
    "106.6a",
    "107",
    "107.1",
    "107.14",
    "107.15",
    "107.1a",
    "107.1b",
    "107.1c",
    "107.2",
    "107.3",
    "107.3a",
    "107.3c",
    "107.3d",
    "107.3f",
    "107.3i",
    "107.4",
    "107.4a",
    "107.4c",
    "107.4e",
    "107.4f",
    "107.4h",
    "107.5",
    "107.6",
    "108",
    "108.2",
    "108.2b",
    "108.3",
    "108.4",
    "108.4a",
    "109",
    "109.1",
    "109.2",
    "109.3",
    "109.4",
    "109.5",
    "110.1",
    "110.2",
    "110.2a",
    "110.4",
    "110.4a",
    "110.4b",
    "110.5",
    "110.5a",
    "110.5b",
    "110.5d",
    "111",
    "111.1",
    "111.10",
    "111.10a",
    "111.10b",
    "111.10c",
    "111.10f",
    "111.10g",
    "111.10h",
    "111.10w",
    "111.12",
    "111.2",
    "111.3",
    "111.4",
    "111.5",
    "111.6",
    "111.7",
    "111.8",
    "112.1",
    "112.1a",
    "113",
    "113.1",
    "113.12",
    "113.1c",
    "113.3",
    "113.3a",
    "113.3b",
    "113.3c",
    "113.3d",
    "113.4",
    "113.6",
    "113.6b",
    "113.6g",
    "113.7",
    "113.7a",
    "113.9",
    "114.1",
    "114.2",
    "114.3",
    "114.4",
    "114.5",
    "115",
    "115.1",
    "115.2",
    "115.3",
    "115.4",
    "115.6",
    "115.7",
    "115.7a",
    "115.7b",
    "115.7c",
    "115.7d",
    "115.7e",
    "115.7f",
    "115.8",
    "115.9a",
    "115.9b",
    "115.9c",
    "116.2",
    "116.2a",
    "116.2b",
    "116.2c",
    "116.2d",
    "116.2f",
    "116.2g",
    "116.2h",
    "116.2k",
    "116.2m",
    "117",
    "117.1",
    "117.1a",
    "117.1c",
    "117.3b",
    "117.3c",
    "117.4",
    "118",
    "118.10",
    "118.11",
    "118.12",
    "118.12a",
    "118.3",
    "118.5",
    "118.5a",
    "118.6",
    "118.6a",
    "118.7",
    "118.7a",
    "118.8",
    "118.8a",
    "118.8b",
    "118.8d",
    "118.9",
    "118.9a",
    "118.9b",
    "118.9d",
    "119",
    "119.1",
    "119.10",
    "119.1a",
    "119.2",
    "119.3",
    "119.4",
    "119.4b",
    "119.5",
    "119.7",
    "119.8",
    "119.9",
    "120",
    "120.1",
    "120.2a",
    "120.3",
    "120.3a",
    "120.3b",
    "120.3c",
    "120.3d",
    "120.3e",
    "120.3h",
    "120.8",
    "121",
    "121.1",
    "121.2",
    "121.2a",
    "121.4",
    "121.5",
    "121.6",
    "122",
    "122.1",
    "122.1a",
    "122.1b",
    "122.1c",
    "122.1e",
    "122.1f",
    "122.1g",
    "122.3",
    "122.5",
    "122.6",
    "122.6a",
    "201",
    "201.5",
    "201.5c",
    "202",
    "202.1",
    "202.1a",
    "202.1b",
    "202.2",
    "202.2e",
    "202.3",
    "202.3e",
    "202.3f",
    "202.3g",
    "204.2",
    "205",
    "205.1",
    "205.1b",
    "205.2",
    "205.2a",
    "205.3",
    "205.3b",
    "205.3c",
    "205.3d",
    "205.3g",
    "205.3h",
    "205.3i",
    "205.3j",
    "205.3k",
    "205.3m",
    "205.3q",
    "205.4",
    "205.4a",
    "205.4g",
    "207.2c",
    "208",
    "208.1",
    "208.2a",
    "208.3",
    "208.3a",
    "209",
    "209.1",
    "210",
    "210.1",
    "300.1",
    "301.5",
    "301.5a",
    "301.6",
    "302.6",
    "303.4",
    "303.4a",
    "303.4b",
    "303.4c",
    "303.4d",
    "303.4f",
    "304.1",
    "305",
    "305.1",
    "305.2",
    "305.6",
    "305.7",
    "305.8",
    "305.9",
    "306.5a",
    "306.5b",
    "306.5c",
    "306.5d",
    "306.8",
    "307.1",
    "310.7",
    "310.8",
    "311.7",
    "400",
    "400.1",
    "400.2",
    "400.3",
    "400.7",
    "400.7d",
    "400.7e",
    "400.7j",
    "401",
    "401.2",
    "401.3",
    "401.4",
    "401.7",
    "402.1",
    "402.2",
    "402.3",
    "404",
    "404.1",
    "404.2",
    "405",
    "405.1",
    "406",
    "406.2",
    "406.3",
    "406.3a",
    "408.1",
    "500",
    "500.1",
    "500.5",
    "500.5a",
    "500.7",
    "500.8",
    "500.9",
    "501",
    "502",
    "502.3",
    "502.4",
    "503",
    "503.1",
    "504",
    "504.1",
    "505",
    "505.1",
    "505.1a",
    "506",
    "506.1",
    "506.2",
    "506.3",
    "506.4",
    "506.4c",
    "506.5",
    "506.7",
    "507",
    "508",
    "508.1",
    "508.1a",
    "508.1b",
    "508.1c",
    "508.1d",
    "508.1f",
    "508.1k",
    "508.1m",
    "508.3d",
    "508.4",
    "508.4a",
    "508.5",
    "508.8",
    "509",
    "509.1",
    "509.1a",
    "509.1b",
    "509.1c",
    "509.1g",
    "509.1h",
    "509.2",
    "509.3a",
    "509.3b",
    "509.3c",
    "509.3d",
    "510",
    "510.1",
    "510.1a",
    "510.1b",
    "510.1c",
    "510.1d",
    "510.2",
    "510.3a",
    "510.4",
    "511",
    "511.1",
    "511.2",
    "511.3",
    "512",
    "513",
    "513.1a",
    "514",
    "514.1",
    "514.2",
    "514.3",
    "514.3a",
    "601",
    "601.2",
    "601.2a",
    "601.2b",
    "601.2c",
    "601.2d",
    "601.2f",
    "601.2g",
    "601.2h",
    "601.2i",
    "601.3",
    "602",
    "602.1",
    "602.1a",
    "602.2",
    "602.2a",
    "602.2b",
    "602.5",
    "602.5a",
    "602.5b",
    "602.5d",
    "602.5e",
    "603",
    "603.1",
    "603.10",
    "603.10a",
    "603.12",
    "603.12a",
    "603.1b",
    "603.2",
    "603.2b",
    "603.2c",
    "603.2d",
    "603.2e",
    "603.2g",
    "603.2h",
    "603.3",
    "603.3b",
    "603.3c",
    "603.3d",
    "603.4",
    "603.6",
    "603.6a",
    "603.6c",
    "603.6d",
    "603.7",
    "603.7a",
    "603.7b",
    "603.7c",
    "603.7d",
    "603.7e",
    "603.7h",
    "604",
    "604.1",
    "604.3",
    "605",
    "605.1",
    "605.1a",
    "605.1b",
    "605.2",
    "605.3a",
    "605.3b",
    "605.4a",
    "606",
    "606.2",
    "606.3",
    "606.4",
    "606.6",
    "607",
    "607.1",
    "607.2",
    "607.2a",
    "607.2d",
    "607.2i",
    "607.3",
    "607.5a",
    "608",
    "608.2",
    "608.2a",
    "608.2b",
    "608.2c",
    "608.2d",
    "608.2f",
    "608.2g",
    "608.2h",
    "608.2i",
    "608.2k",
    "608.2m",
    "608.2n",
    "608.3",
    "609.1",
    "609.4",
    "609.4b",
    "609.7a",
    "610.1",
    "610.3",
    "611",
    "611.1",
    "611.2",
    "611.2a",
    "611.2b",
    "611.2c",
    "611.3",
    "611.3a",
    "611.3b",
    "612",
    "612.1",
    "613",
    "613.1",
    "613.11",
    "613.1b",
    "613.1c",
    "613.1d",
    "613.1e",
    "613.1f",
    "613.2",
    "613.2c",
    "613.3",
    "613.4",
    "613.4a",
    "613.4b",
    "613.4c",
    "613.4d",
    "613.5",
    "613.6",
    "613.7",
    "613.7b",
    "613.7d",
    "613.8",
    "613.8a",
    "613.8b",
    "613.8c",
    "614",
    "614.1",
    "614.12",
    "614.13",
    "614.15",
    "614.17",
    "614.17c",
    "614.1a",
    "614.1b",
    "614.1c",
    "614.1d",
    "614.3",
    "614.5",
    "614.6",
    "614.7a",
    "614.8",
    "615",
    "615.1",
    "615.12",
    "615.3",
    "615.6",
    "615.7",
    "615.8",
    "616",
    "616.1",
    "616.1f",
    "616.1g",
    "700",
    "700.1",
    "700.12",
    "700.12a",
    "700.13",
    "700.16",
    "700.2",
    "700.2a",
    "700.2b",
    "700.2c",
    "700.2d",
    "700.2e",
    "700.2g",
    "700.2h",
    "700.2i",
    "700.3",
    "700.3a",
    "700.3b",
    "700.4",
    "700.5",
    "700.6",
    "700.8",
    "700.8a",
    "700.8b",
    "700.8c",
    "700.8d",
    "700.9",
    "701",
    "701.1",
    "701.12",
    "701.12a",
    "701.12b",
    "701.12c",
    "701.12d",
    "701.12e",
    "701.12f",
    "701.12g",
    "701.12h",
    "701.13",
    "701.13a",
    "701.14a",
    "701.14b",
    "701.14c",
    "701.14d",
    "701.15b",
    "701.15c",
    "701.16",
    "701.16a",
    "701.17",
    "701.17a",
    "701.17b",
    "701.17c",
    "701.18",
    "701.18a",
    "701.19",
    "701.19a",
    "701.19c",
    "701.20",
    "701.20a",
    "701.20b",
    "701.20d",
    "701.20e",
    "701.21",
    "701.21a",
    "701.22",
    "701.22a",
    "701.22b",
    "701.22c",
    "701.22d",
    "701.23",
    "701.23a",
    "701.23b",
    "701.23c",
    "701.23d",
    "701.23e",
    "701.24",
    "701.24a",
    "701.25a",
    "701.26",
    "701.26a",
    "701.26b",
    "701.27",
    "701.27a",
    "701.27c",
    "701.27d",
    "701.27e",
    "701.28a",
    "701.29a",
    "701.3",
    "701.36",
    "701.36a",
    "701.36b",
    "701.37a",
    "701.37b",
    "701.38",
    "701.38a",
    "701.38b",
    "701.38c",
    "701.38d",
    "701.3a",
    "701.3b",
    "701.3c",
    "701.3d",
    "701.43",
    "701.43a",
    "701.44",
    "701.44a",
    "701.44b",
    "701.47a",
    "701.5",
    "701.54a",
    "701.54b",
    "701.54e",
    "701.57",
    "701.60b",
    "701.64b",
    "701.6a",
    "701.7",
    "701.7a",
    "701.8",
    "701.8a",
    "701.8b",
    "701.9",
    "701.9a",
    "701.9b",
    "701.9c",
    "702",
    "702.10",
    "702.100a",
    "702.100c",
    "702.106a",
    "702.106b",
    "702.107a",
    "702.108a",
    "702.109",
    "702.109a",
    "702.10b",
    "702.10c",
    "702.111b",
    "702.112a",
    "702.112b",
    "702.114",
    "702.115a",
    "702.118b",
    "702.119b",
    "702.11b",
    "702.11c",
    "702.11d",
    "702.11e",
    "702.11f",
    "702.12",
    "702.120a",
    "702.122",
    "702.122a",
    "702.122b",
    "702.124b",
    "702.124i",
    "702.124j",
    "702.126a",
    "702.128a",
    "702.129a",
    "702.12b",
    "702.131a",
    "702.131b",
    "702.131c",
    "702.134a",
    "702.134b",
    "702.135a",
    "702.135b",
    "702.137",
    "702.137a",
    "702.138a",
    "702.139a",
    "702.139b",
    "702.13b",
    "702.140",
    "702.140a",
    "702.142a",
    "702.149a",
    "702.149b",
    "702.15",
    "702.151a",
    "702.151b",
    "702.152",
    "702.158b",
    "702.16",
    "702.160a",
    "702.164a",
    "702.167a",
    "702.16a",
    "702.16b",
    "702.16c",
    "702.16d",
    "702.16e",
    "702.16f",
    "702.16g",
    "702.16j",
    "702.171a",
    "702.171b",
    "702.172a",
    "702.172b",
    "702.174a",
    "702.174d",
    "702.174e",
    "702.174f",
    "702.174g",
    "702.174h",
    "702.174i",
    "702.175a",
    "702.177a",
    "702.17b",
    "702.184a",
    "702.184b",
    "702.189a",
    "702.18a",
    "702.19",
    "702.195a",
    "702.195b",
    "702.19b",
    "702.19c",
    "702.19d",
    "702.19f",
    "702.19g",
    "702.2",
    "702.20",
    "702.20a",
    "702.20b",
    "702.21a",
    "702.21b",
    "702.22",
    "702.22b",
    "702.22c",
    "702.24a",
    "702.26",
    "702.26a",
    "702.26b",
    "702.26f",
    "702.27a",
    "702.28b",
    "702.29a",
    "702.29b",
    "702.29e",
    "702.2c",
    "702.30a",
    "702.31b",
    "702.32a",
    "702.33a",
    "702.33c",
    "702.33d",
    "702.33e",
    "702.34",
    "702.34a",
    "702.35a",
    "702.36b",
    "702.37",
    "702.37b",
    "702.3b",
    "702.4",
    "702.40a",
    "702.40b",
    "702.41a",
    "702.42a",
    "702.42b",
    "702.43a",
    "702.43b",
    "702.44a",
    "702.45a",
    "702.46",
    "702.46a",
    "702.46b",
    "702.47a",
    "702.5",
    "702.51a",
    "702.51b",
    "702.54a",
    "702.54b",
    "702.54c",
    "702.57b",
    "702.58a",
    "702.58b",
    "702.5a",
    "702.61a",
    "702.61b",
    "702.62a",
    "702.65a",
    "702.66a",
    "702.67a",
    "702.6a",
    "702.6c",
    "702.6e",
    "702.7",
    "702.70a",
    "702.72a",
    "702.73a",
    "702.74",
    "702.74a",
    "702.76",
    "702.76a",
    "702.77a",
    "702.77b",
    "702.79a",
    "702.7b",
    "702.80",
    "702.80a",
    "702.80d",
    "702.83a",
    "702.83b",
    "702.85",
    "702.86a",
    "702.87",
    "702.87a",
    "702.89a",
    "702.8a",
    "702.9",
    "702.90",
    "702.90a",
    "702.90b",
    "702.90c",
    "702.90f",
    "702.91a",
    "702.91b",
    "702.93a",
    "702.97a",
    "702.9b",
    "703",
    "703.4d",
    "704",
    "704.1",
    "704.1a",
    "704.3",
    "704.5",
    "704.5a",
    "704.5b",
    "704.5c",
    "704.5d",
    "704.5f",
    "704.5g",
    "704.5h",
    "704.5i",
    "704.5j",
    "704.5m",
    "704.5n",
    "704.5p",
    "704.5q",
    "704.5v",
    "704.5w",
    "704.6b",
    "704.8",
    "705.1",
    "705.2",
    "706.1",
    "706.2",
    "706.2a",
    "706.2b",
    "706.6",
    "706.7",
    "707",
    "707.1",
    "707.10",
    "707.10a",
    "707.10b",
    "707.10c",
    "707.10d",
    "707.10e",
    "707.10f",
    "707.12",
    "707.2",
    "707.2b",
    "707.4",
    "707.5",
    "707.9",
    "707.9a",
    "707.9b",
    "707.9c",
    "707.9d",
    "707.9e",
    "708",
    "708.1",
    "708.2",
    "708.2a",
    "708.5",
    "708.6",
    "708.8",
    "708.9",
    "709",
    "709.1",
    "709.5c",
    "709.5f",
    "709.5i",
    "709.5j",
    "710",
    "710.1",
    "710.3",
    "711",
    "711.1",
    "711.2",
    "711.2a",
    "711.2b",
    "711.3",
    "711.4",
    "712",
    "712.1",
    "712.14",
    "712.18",
    "712.2",
    "712.3",
    "712.4",
    "712.8",
    "712.8a",
    "712.8d",
    "712.8e",
    "712.9",
    "714",
    "714.1",
    "714.2",
    "714.2a",
    "714.2b",
    "714.2c",
    "714.2d",
    "714.3",
    "714.3a",
    "714.3b",
    "714.3c",
    "714.4",
    "715",
    "715.1",
    "715.2",
    "716.2a",
    "716.2b",
    "718.1",
    "718.2",
    "718.3a",
    "719.3b",
    "721.1",
    "721.2",
    "721.2a",
    "721.4",
    "722.3a",
    "723",
    "723.6",
    "725.1",
    "725.2",
    "725.3",
    "726.1",
    "726.3",
    "727.1",
    "727.1a",
    "727.2",
    "727.4",
    "727.5",
    "729",
    "730",
    "731.1",
    "731.1a",
    "733",
    "733.1",
    "733.2",
    "800.4a",
    "810",
    "810.1",
    "810.4",
    "901.3a",
    "901.8",
    "901.9",
    "901.9a",
    "901.9b",
    "901.9c",
    "901.9d",
    "903.3"
  ]
}
