cr_date = "2026-04-17"
wizards_url = "https://academyruins.com/link/cr"

[checksums]
"102.1" = "2f4753fa8d01d108"
"103.1" = "bfbd658328aafcd0"
"103.5" = "ae071dbd2ed42b6d"
"103.8a" = "534be0859a95c6b1"
104 = "928b735677f5e581"
"104.2a" = "57ae0598b1ef4984"
"104.4" = "77adb505af67939c"
"104.4a" = "eb2a6f2239d55807"
"105.1" = "f3a9c18576a03f5d"
"105.2" = "f232a52ba94c5b0d"
"105.5" = "3725ab77fb02a9f1"
106 = "49f152aed010af4a"
"106.1b" = "2de34e609fa7c101"
"106.4" = "711af9eee0f299b8"
"106.6" = "9654549ed32951ec"
"107.1" = "a343b4d6b7ea8427"
"107.14" = "28a94cb1a8740ece"
"107.15a" = "2cac35a70f69d75d"
"107.17" = "8aad676f5aca3e6f"
"107.3" = "cdb89f84cf961cda"
"107.4" = "9d67c5677d765abb"
"107.4h" = "a8e5879abd1d5022"
"107.5" = "84eee2a43e19fc06"
108 = "6f5d93a17b8bdc24"
"108.3" = "2de4b64e618a195e"
109 = "a2ddb53b55f7432b"
"109.1" = "e0a74a031994a0a9"
"109.3" = "87c03e4c6a5fb36c"
"109.5" = "fa2a60e9bf536a40"
"110.1" = "382ff524dc7654ab"
"110.5" = "6d4107b302151065"
"110.5a" = "8cff26964df57803"
111 = "78fd8c03f8c967f3"
"111.1" = "971c074e21d32d3f"
"111.10" = "bdf1675498cb0190"
"111.10a" = "6a2f75a9984a807a"
"111.10b" = "f4c377ef2942888d"
"111.10f" = "24cee7fc5f71df83"
113 = "9c5c6645f6238fcd"
"113.10" = "9cf4bd4663128791"
"113.3" = "9917e7c62a1c2c60"
"113.3a" = "8122ac14321e2aed"
"113.3b" = "85ed4fef5a0873b5"
"113.3c" = "067fc4ec1e8c1b54"
"113.3d" = "a57e2b55dedd40ee"
"113.6" = "c69e240c93d73d2f"
"113.6a" = "26704c9bf5152de7"
"113.6b" = "845581c66045e761"
"113.6c" = "f09d14ef0a2713f3"
"113.6d" = "d003ef2ddf47a094"
"113.6e" = "aa7193b7533411ed"
"113.6f" = "acab4f343fd533bd"
"113.6g" = "2a453e4c3bf54ca2"
"113.6h" = "9be300b98993cf08"
"113.6i" = "919027cc1b465c8c"
"113.6j" = "2eec93b2a6364c32"
"113.6k" = "c94cfbc45c4a7f0e"
"113.6m" = "4ccc408be03db3bd"
"113.6n" = "ee70d01505628415"
"113.6p" = "d282b710097799a3"
115 = "116f756708f81fc1"
"115.1" = "6f1ecd9c03cee520"
"115.3" = "7d51638723973f33"
"115.4" = "1a455cce87d668ed"
"115.6" = "cb1010ae547a6cb8"
"115.7" = "0ff8cf2d6cf25f29"
"115.8" = "045d26d149af2a7b"
"116.2a" = "8a0f927d3ab50028"
"116.2h" = "252f2a3082d8b59b"
"116.2k" = "c1cde4aeb8fe0e23"
"116.2m" = "b9391cd6dc8ccbb2"
117 = "08207e232d2bf796"
"117.1" = "10bf253f585d8710"
"117.3b" = "f17365ae19ace456"
"117.3c" = "717b348c8de609ec"
"117.4" = "7b319316dc4b0256"
"118.12" = "0e31f1cb55883482"
"118.12a" = "9826dbf66cb0a07e"
"118.13" = "0a4ec15c19891618"
"118.3a" = "5149215284615e46"
"118.3b" = "a4244c82c3c3645b"
"118.6" = "56e14d819039a93f"
"118.7" = "61452a29e05cfb52"
"118.8" = "196ba84e22aa8cc7"
"118.9" = "a572b91ce0013ccd"
"118.9a" = "ad151910e20e9a6d"
119 = "3cdd76b47fc6df9f"
"119.3" = "0fc4150cde4c4105"
120 = "c3a4d3774733a9a0"
"120.1" = "39441627ab5ea343"
"120.3" = "378bafc294a365d1"
"121.1" = "eb9aa58c8816a5b8"
122 = "36f6766957c7f710"
"122.1" = "6e689d7cfdc0f4bf"
"122.1b" = "52e7385ee48d4293"
"122.1c" = "c5c0d0d4b612e25d"
"122.1d" = "b71c0cd00e3bcd96"
"122.1e" = "116429b45e7bdd6d"
"122.1f" = "cfdfc884f688af50"
"122.1g" = "cb5a2cf822dd3729"
"122.1h" = "01c1327e18eceb7a"
"122.3" = "6a034f8fd87f59a0"
"122.7" = "9183fca9082f4637"
201 = "ef49aec68fd1dc66"
202 = "e32286f36386145d"
"202.2" = "1aeaca13ec217ec8"
"202.3" = "fdc742a975c57120"
205 = "b465be8d1ba14265"
"205.1b" = "48d0ca1d19e91326"
"205.3" = "6f37c83efd55f24a"
"205.3g" = "ba762717ce34fde5"
"205.3h" = "6cda8496d5f712db"
"205.3i" = "dfa30e760c74f3bc"
"205.3j" = "f2f1415238b37126"
"205.3k" = "2a3f9f934192a301"
"205.3m" = "f41ae0f71c803546"
"205.3q" = "979de3f217869604"
"205.4a" = "e1bc69c50b804715"
"207.2c" = "2c164f23ab911eb7"
208 = "016050f64c4b86dd"
"208.2a" = "255646c89abb0f06"
209 = "f9508d9987ecac31"
210 = "6958dbb3beffbfd3"
"300.1" = "1b21561e35a9ba22"
"301.5" = "ea99e1513b2f7ec5"
"302.6" = "d27047004634bd51"
"303.4" = "345868d773109231"
305 = "ecdd08f7a8a05d3d"
"305.2" = "28a4489bc366d4c4"
"305.6" = "4fb3ea2010137255"
"305.7" = "1c99b262043a1af4"
"307.1" = "bca34cd500487c01"
"311.5" = "e02d0b87d3c4c7c1"
400 = "c3ac225273c8316b"
"400.1" = "ae6a0e93a8a3a7db"
"400.11" = "0566b73a0d8ccb8c"
"400.7" = "a6793cacdbdc695a"
401 = "c0672135930a14f0"
"401.4" = "6ad721c0c0b7145a"
"401.7" = "91e2a24784135459"
405 = "ae4f7c13b7ec18ff"
"406.4" = "23fadabba8375684"
500 = "c3ac225273c8316b"
"500.1" = "422cbfdb59e094ad"
"500.4" = "7e07e417f97366f1"
501 = "ab52d6d89774183f"
502 = "66645b6710e981f3"
"502.1" = "c62917aa9880e753"
"502.2" = "f50cac037c5a7e16"
"502.4" = "b482efeb8a2e1a0a"
503 = "e963a31ad403cc81"
"503.1" = "e6800f58b8722dc3"
504 = "4b41963b6e6aea33"
"504.1" = "93b7e236e32c8870"
505 = "9f1a32b030fe528f"
"505.1" = "39f0f35d824a3d21"
506 = "952892f22614d31e"
"506.2" = "6108000b2a15b5a8"
"506.2a" = "33e8e7d6bfcfb2fa"
"506.4" = "953da0c930811a7c"
"506.5" = "2552bf4664364bf4"
507 = "4b44166c8fcfc43b"
508 = "d7f9a8d4ab0ae645"
"508.1" = "eacb429da27c4e8c"
"508.1a" = "d61947ee2e55b279"
"508.1f" = "9d845478f6e14918"
"508.5a" = "cf84ed2290667dd3"
"508.8" = "69c0f70ffe4d94ce"
509 = "eab6955731df1666"
"509.1" = "8fd5f821491aba07"
"509.1a" = "c7ef8e2a6c0d1aee"
"509.1b" = "2e303a056c0e8506"
"509.1c" = "15ae64192f0c9491"
"509.1h" = "3b1eb4c896a27425"
"509.2" = "176ec73ffe879255"
"509.3c" = "81ab5157569b8002"
510 = "0b94d6cbe9261134"
"510.1" = "2a8b5a557255c19d"
"510.1a" = "d1d0338d12882807"
"510.1b" = "61fe9a93496a1d8f"
"510.1c" = "d99bdd96dd0b11b7"
"510.1d" = "d1bc12e17cc97bbe"
"510.2" = "a57b49c0d49c1e86"
"510.4" = "0b6c713cbd795ff8"
511 = "df807480924cab29"
"511.1" = "91e809d6529136d9"
"511.3" = "44edadc68134b6e1"
512 = "24a662f703bc5b49"
513 = "9cdd243fb83d694c"
514 = "c4ce6a24cac06393"
"514.1" = "301d053413c7e663"
"514.2" = "f9d9f89edd0186f4"
"514.3" = "1d24ce190caddfb7"
"514.3a" = "bd65511cc427b7d9"
601 = "277ab1d3c8879b99"
"601.2" = "6a6111923b1b269b"
"601.2a" = "e0d786f30e51c084"
"601.2b" = "419d483d48b713df"
"601.2c" = "f45f701f68430c29"
"601.2d" = "809246e02e4ff53c"
"601.2f" = "39d83b8a6511b223"
"601.2g" = "5c34fe2f8a61a060"
"601.2h" = "b85cee36ef6664a5"
"601.2i" = "1814fbb2b7976a28"
"601.3a" = "4cf631c2768c0fd2"
602 = "f8d37f8a90af9ea6"
"602.1a" = "85a022563a59d4f2"
"602.1b" = "7d9512c3c4c30d68"
"602.2" = "da367cbd39dbab1f"
"602.5a" = "70f690897bb392d6"
603 = "fee55052fd4f6b47"
"603.1" = "fff50882f2b60ad4"
"603.10a" = "ded2b9cd88aaa57d"
"603.10b" = "f62411dbb143ce6b"
"603.10c" = "b2830545a6187955"
"603.10d" = "c1b3024c9f04881a"
"603.10e" = "361c631c0d36e380"
"603.10f" = "49d640574f9aaa75"
"603.10g" = "1b6e36045b4c380a"
"603.12" = "3667be3964f9977b"
"603.2" = "6d8471f8923192cf"
"603.2e" = "7b55baf35ae2af08"
"603.2h" = "3002fb5a271a6014"
"603.3" = "ee245e5e314d5e46"
"603.3b" = "fa02215db95baa84"
"603.3c" = "0f059f3fc0610d17"
"603.3d" = "9ea13601f6359891"
"603.4" = "cf537df3e416f44c"
"603.6" = "59c94a9d42b1d242"
"603.6d" = "389db62b4125f2ec"
"603.7" = "1b4acf199f46a167"
"603.7h" = "a079ca3e510f2a31"
"603.8" = "a29ffae8174e6b6d"
604 = "bf507f6719e73ab0"
"604.3" = "3521f8e89cb1ef2c"
605 = "62de33619fdeb858"
"605.1a" = "9cbe2d493a29012e"
"605.1b" = "5429b00beeb69148"
"605.3a" = "54baa7ff4746701c"
606 = "cf47d1b3a1850817"
607 = "0e56d7772a8274ae"
"607.2a" = "6829c99ddb72bfcb"
"607.2b" = "26a097691a6b3b3c"
"607.2c" = "932ab34c613de078"
"607.2d" = "17420c0fcd2c8f7e"
"607.2e" = "9d5a059d3a8461ff"
"607.2f" = "9bddd491f7062bac"
"607.2g" = "369def7ec24bf6d3"
"607.2i" = "e8047d40e4153420"
"607.2j" = "848e09300b9a9441"
"607.2n" = "c6593ffdb41401a7"
"607.2p" = "682954405ba0c017"
"607.2q" = "a3b2f837b80b6e8d"
"607.3" = "9cdd69d4a6859f59"
608 = "2b1e612ad5d9b874"
"608.2" = "063162b3699b000b"
"608.2b" = "c00e73c052579bd9"
"608.2c" = "da354e390ae84eb9"
"608.2d" = "41e523d31254fdd0"
"608.2i" = "9adc68ca0dfd42c8"
"608.2m" = "6068cc4e341ecfaf"
"608.3" = "b83f941f19482ea7"
"609.4" = "eaccbf33bec4addc"
"609.4b" = "31fe3f076ddff8fc"
"609.7" = "f4ba246c354db537"
"610.2" = "47e4428285cc0ba1"
"610.3" = "4d4f6c3f01268737"
611 = "e23067c74f290538"
"611.2" = "a276ee03460d5906"
"611.2a" = "eb6a2fffef3016d6"
"611.2b" = "4b88790d64d61b5c"
"611.2c" = "153c2e638809b725"
"611.3" = "96b58ffe0a6a5bfe"
"611.3a" = "e05e2c68cc119bb6"
"611.3d" = "23ef75450924e722"
613 = "a2c2cd4eefe0cf95"
"613.1" = "152b4f6f7a88ec14"
"613.10" = "7cc013968fd4064e"
"613.11" = "1784d5d26fea4fb1"
"613.1a" = "9f96266b510997fc"
"613.1b" = "23a471c5d4f7310e"
"613.1c" = "f8d41503744e30b1"
"613.1d" = "f950d808f664e329"
"613.1e" = "2db62e7d5e05cd7b"
"613.1f" = "981a7f8764f05cfe"
"613.3" = "7d6638e4184a5cea"
"613.4" = "3480886f88a14663"
"613.4a" = "e2663628603cb1f7"
"613.4b" = "d6d795a7bb37f017"
"613.4c" = "14e910cc62ac8c7d"
"613.4d" = "75734e38e1781cdf"
"613.5" = "1a22369cf4049dcb"
"613.6" = "cad859b89bf18425"
"613.7" = "6d885f13d3cdb992"
"613.7b" = "cfddaa0a7e970dc7"
"613.7d" = "0fd7ecc47e7f079a"
"613.8" = "4b3d049a74779b54"
614 = "66dbf95ab69d8e05"
"614.11" = "48635b4fc4da6969"
"614.12" = "68226dc0ff814950"
"614.12a" = "15f3e8a4fe4d9a09"
"614.12c" = "412eab547c96d86e"
"614.15" = "1487a1d7ce252a0d"
"614.16" = "1996f4ccd472de9c"
"614.17" = "85d3b6068347a28a"
"614.1a" = "64aefe8988485e9c"
"614.1b" = "a1e3e5b9c37aacb6"
"614.1c" = "33b376f4f871cf96"
"614.1d" = "ac82ed4a239b3e62"
"614.8" = "dc4d13aa1e9e6124"
"614.9" = "539b754c2c492b9a"
615 = "38ec3fbb691c7a13"
"615.1" = "afd166b49929b4f8"
"615.10" = "f78e8cd111a784e1"
"615.7" = "15775c4c9e2368db"
"615.8" = "cf42af31d29106aa"
700 = "c3ac225273c8316b"
"700.11" = "50f4b64e5a5e726f"
"700.2" = "fb8376749e11f16c"
"700.2c" = "999db9403390da76"
"700.2d" = "eeefc9fa4f65990c"
"700.2e" = "01828b6ff16c9735"
"700.2h" = "676c6485428f2023"
"700.2i" = "006accd98244e5c1"
"700.3" = "37faf80050a4e96b"
"700.4" = "d7b50d4efe81ca32"
"700.5" = "f57f782d39587e29"
"700.6" = "9da9cbee70482fa4"
"700.9" = "156e017875752c86"
701 = "d05c59f3c7b1a177"
"701.13" = "d288727896a912b8"
"701.14" = "551221e189bfcec9"
"701.15" = "c420fb7e0d3ac22e"
"701.15b" = "44736229fb76a4cf"
"701.15d" = "40f5e6a6c70797a0"
"701.16" = "da3f8cadc25024f4"
"701.17" = "04e31baea90579a3"
"701.19" = "80908076f581f5cf"
"701.20" = "d8c644529b574f90"
"701.21" = "d587d6e36d89a136"
"701.22" = "21b0f524b656751e"
"701.23" = "5d929ff1619ac0c9"
"701.24" = "c3862d7652fbd40e"
"701.25" = "b5a6699d8e30fc21"
"701.26" = "c36fc59ba953becb"
"701.26a" = "31382891284b8b73"
"701.26b" = "6d0ff173f3342efe"
"701.27" = "c1fff4f356dfb2fb"
"701.28" = "fa0c605f107fc998"
"701.29" = "7db17f7c23965252"
"701.3" = "41431c2bbdc5f824"
"701.30" = "90d555fba1df757a"
"701.34" = "add1d2c200cebef8"
"701.35" = "8daa1fb5187d4e3a"
"701.37" = "1aef094ad45496ce"
"701.37b" = "d4e39e66d2ce6f10"
"701.38" = "b23eed07fcaf3095"
"701.39" = "4dec6244148e9fca"
"701.42" = "6d92ffaee486c90f"
"701.43" = "3aed7378d1eaa7f1"
"701.49" = "9b8ee01fd9bc1057"
"701.52" = "ac571ead55d34bb9"
"701.54" = "509714a34f74b9fe"
"701.54b" = "73ffb56a5999d4fa"
"701.54e" = "cd4558d361a10ff9"
"701.55" = "fc2ca83ddde691b0"
"701.6" = "9d1c372fe94004c3"
"701.60" = "3910cf4a1030bf8e"
"701.60b" = "26dde4ddd6eebf30"
"701.60c" = "8ca3542abd49809c"
"701.64" = "a27d8e1bb3867e0b"
"701.64b" = "ccb1717bd01985ea"
"701.65" = "1d647bc441b3749c"
"701.7" = "382a2aa3984474dd"
"701.7a" = "ea97a79f9358a216"
"701.8" = "a870fb82764782e5"
"701.9" = "c00a88b90cd60661"
702 = "d939346c17350caa"
"702.1" = "f7179577b1a54b2c"
"702.105" = "f3b7b3a53c801c78"
"702.112b" = "b376901108ae29fe"
"702.117" = "a1f0211a8a7f95d9"
"702.118" = "a99f37a40002844b"
"702.120" = "373a76ce9f24abd9"
"702.122" = "397b659c8b1bad98"
"702.122d" = "0b7256dd8e2666b5"
"702.131c" = "2a017aa04e14ed6d"
"702.143d" = "d4cfb93193f6fc45"
"702.15" = "03d64910697fc1b3"
"702.158b" = "af1f02e2d808fad2"
"702.158e" = "b98d2830d0388648"
"702.16a" = "4f68eeeefad95043"
"702.16b" = "34a1cb5fd8aee323"
"702.16c" = "c1b7d272996fad4d"
"702.16d" = "cc8fcf9e4453bac7"
"702.16e" = "3363dd487d6699fe"
"702.16f" = "b78015b7daa0ed15"
"702.16h" = "3fc61fdc7a43a732"
"702.170c" = "4191ccfb0c1c84b8"
"702.171" = "0e45ec5ed172af7e"
"702.171b" = "27a7ad7c46694b9b"
"702.172" = "603ddef0c88ae74a"
"702.179" = "d980bc21df93fcfc"
"702.179d" = "c533575003810561"
"702.179e" = "b8e16417f308f379"
"702.179f" = "6292566e6bb042e4"
"702.183" = "6734f53ab81fd100"
"702.185c" = "379b2d236591d6c1"
"702.19" = "091ad414d8b0e678"
"702.19b" = "7ac08e84f71d1efa"
"702.19d" = "591fee94929a122e"
"702.2" = "052e85aafdca6310"
"702.20" = "b3c779d926868cb3"
"702.21" = "88c798022d5a9113"
"702.2c" = "cb89716699f164c6"
"702.33" = "dec3558f7965b934"
"702.4" = "55d94b521d51ae72"
"702.57" = "e2221e0caf67e1f0"
"702.62b" = "4738301906f95eee"
"702.7" = "2571614d57560ca9"
"702.7c" = "f23366212ac2c0ab"
"702.9" = "184f6f0ddbd9247e"
"702.95b" = "4b87f9e84f163f7d"
"702.9b" = "d9c8b9a3e734f323"
"703.4b" = "18e9270bee610e05"
704 = "9803c6b1f6377c93"
"704.3" = "5a7a500c0301cfb1"
"704.5" = "c0e62ff931eeff7a"
"704.5a" = "a30d465feba7d18d"
"704.5c" = "6965a2e6aa6f8805"
"704.5g" = "a58bedb7bf76b485"
"704.5h" = "2a271dfa4804a378"
"704.5m" = "0c786517fb5b05fd"
"704.5u" = "5e4f12daa683d391"
"707.2" = "188b9e965e3f1820"
"709.5" = "dacd457849cdb562"
"709.5c" = "6549c55cdce33258"
"709.5d" = "137e8e80111a5c2c"
"709.5e" = "b0bb9a198555d8c3"
"709.5f" = "854564a2e13579c7"
"709.5g" = "e613a82126642aa5"
"709.5h" = "0fad5765dc6c323f"
"709.5i" = "00e6076a09f4c664"
"714.3a" = "667bbb7da40194bc"
"714.3c" = "cc499b952c0fd126"
"714.4" = "a1b50f4ae0d6ef47"
"716.2b" = "faf7c749cc072390"
"719.3b" = "53a91fee6ff676a8"
"719.3c" = "67e7d8790bc50d09"
"722.3a" = "590a9e878c4a0705"
"722.3b" = "dbca5a9131689971"
"722.3c" = "2d0762971ad87a7f"
724 = "365c28ce6a8610bd"
"725.1" = "7bf621b51976d119"
"725.2" = "4e1423562c4148f0"
"726.1" = "15b070fd1b2aae86"
"726.2" = "729267fcff9c083f"
"726.5" = "f1ea038fa9e9af97"
"731.1" = "3a3e58b0c0cff20e"
"731.1a" = "7d16f967d1ce5e5e"
"901.6" = "bea6f3082bcfb830"
"903.3" = "a89487d933e6a845"
