{
  "checksums": {
    "101.1": "575d08c98bef5d23",
    "101.2": "41cab2cf2f7ee4c4",
    "101.3": "fcd83f5076d86f66",
    "101.4": "3bbf782e80a928db",
    "101.4b": "1a0477b67116fdd3",
    "102.1": "29195f9f1053bf42",
    "102.2": "92f0dd1affa7a2b2",
    "102.3": "e503f889f82a0373",
    "103": "27ab3dfdcb80c751",
    "103.1": "025bde04aa039365",
    "103.2b": "dbfa7c9b4ade4365",
    "103.5": "7d66915ea53f150b",
    "103.6": "89cd0f5e654236ae",
    "103.8a": "27637e7302531fc5",
    "104": "6682290fa7b73d72",
    "104.1": "05e06e43bc4a2bfe",
    "104.2a": "22309ff7e5b8baf4",
    "104.2b": "a565eb24cdc4a379",
    "104.3": "af139fb430a33556",
    "104.3a": "0288b7513abce421",
    "104.3e": "c472530dfc5c90ba",
    "104.3f": "13dd89abe9fed31a",
    "104.4": "8d68057858a034c6",
    "104.4a": "1d3766ff3fda80b7",
    "104.4b": "d347802e97520a0e",
    "105.1": "d9ce3cf4097dd71e",
    "105.2": "b0d266de49f4edd6",
    "105.2b": "703da612fca12288",
    "105.2c": "af07dd25f224ba52",
    "105.4": "46de9857a953e514",
    "105.5": "d218788f234c7e46",
    "106": "066ffe4ac557b987",
    "106.12": "1fc814165a0440ef",
    "106.1b": "5f9751ece376169e",
    "106.4": "c352b343d9102a01",
    "106.6": "f2a8121abaee9778",
    "106.6a": "4ebcb7f20fa3cc5d",
    "106.7": "678cff70650e583c",
    "107.1": "4355624f206c33d6",
    "107.14": "41b4815b26039c7f",
    "107.15a": "99e8bf8b1e392e53",
    "107.17": "750a299d48ca4015",
    "107.1b": "e158c7342fe0d607",
    "107.2": "313cb63a38467950",
    "107.3": "d75ed25912875019",
    "107.3a": "4a260fd5fb00da6b",
    "107.3d": "5b5ca4d972d0cd14",
    "107.4": "db0403aee6bccc23",
    "107.4h": "496ab8bd2137a749",
    "107.5": "5508f2a991c23f3b",
    "107.6": "dd14a402e62098ae",
    "108": "a52fcbbc33644d31",
    "108.3": "26fbb218e31e9b36",
    "108.4": "7a23ae1275eef205",
    "109": "de5236ee1561d9d4",
    "109.1": "1bf95bd0cc691ae7",
    "109.3": "85125d87a87cf895",
    "109.5": "f0bc6589c36d1718",
    "110.1": "45855a4a6fe23dbb",
    "110.2": "594b044a02873fda",
    "110.5": "b806f79c3a3f7094",
    "110.5a": "5e862f8522fc4122",
    "110.5b": "32aafc08b0d0cdd0",
    "111": "a039dfb9628b53dd",
    "111.1": "8d69b5e5a4359f24",
    "111.10": "ae7feec8f8a66145",
    "111.10a": "1788f9cbc7c31e1a",
    "111.10b": "d6dc532cdfcf52b0",
    "111.10f": "4e3b8f05782cb2ad",
    "111.2": "1e8d6b6914a5db85",
    "111.3": "8f50a57e4f103762",
    "111.4": "f1c7495fb2a4fa93",
    "111.6": "fd895934efcc3325",
    "111.7": "8e33434f8ef873c0",
    "111.8": "e01a1c8d7a82ad5a",
    "112.1a": "5806d4637f60c8e2",
    "113": "81932b99d9d932d9",
    "113.10": "2e7f007dac2e3e3a",
    "113.3": "0590d9eaffa26e18",
    "113.3a": "70364b79fb078632",
    "113.3b": "4f8f4b21cc575714",
    "113.3c": "c5b2b4b31f54cfa1",
    "113.3d": "bed50251baa76a22",
    "113.6": "f5a9040190d5f91c",
    "113.6a": "f0a22982ed593809",
    "113.6b": "ce5bb9717364d15c",
    "113.6c": "9003f2df6741c68a",
    "113.6d": "3f92493516d66d46",
    "113.6e": "7bd7e0b478ceb613",
    "113.6f": "1fd2f3b2c3eeeafc",
    "113.6g": "848fdf7a8f851182",
    "113.6h": "48e0697a38d498fb",
    "113.6i": "71269314c9363ff7",
    "113.6j": "c199e651055dbd89",
    "113.6k": "4727b07b4bb1c9cf",
    "113.6m": "40a07e2a6aa11361",
    "113.6n": "0b55255764a3d90b",
    "113.6p": "ae500473246c20a0",
    "114": "18b895704a209297",
    "114.1": "a112e791dd17a4bb",
    "114.2": "e178a2a810dfc413",
    "114.3": "ab7532b9a5d3baec",
    "114.4": "5db7c059f3e9ec30",
    "114.5": "a282f081a6c2425f",
    "115": "27445f6ab61d9a5c",
    "115.1": "724dc5e160d00c3a",
    "115.3": "994ebc7fe112eb3b",
    "115.4": "26d5d6757834f65c",
    "115.6": "cc2eab05a271ef33",
    "115.7": "19a5a357b46e2326",
    "115.7e": "cb02a5757627ef8c",
    "115.8": "2f4cbfaa268b40bc",
    "115.9a": "29b89b7d41749fa1",
    "115.9b": "87920a438d4a86dc",
    "115.9c": "f15d39d69d8bca89",
    "116.2": "7988ac9f78d8d354",
    "116.2a": "53aca04fca4f499e",
    "116.2b": "406802420cb7dd90",
    "116.2c": "65437e6761a0da9a",
    "116.2d": "1fc66a412d9a709d",
    "116.2f": "2fd091c725443052",
    "116.2g": "220c50e846ad3129",
    "116.2h": "ee6bea0d6b9843bb",
    "116.2k": "68ca4d5968a1ad99",
    "116.2m": "7bf0cdd6938db15e",
    "117": "164cedbfbabe43af",
    "117.1": "0254ff2a6b82b65d",
    "117.1a": "ec228e7323cef766",
    "117.1b": "cefbd4c0dea5c284",
    "117.1c": "7ceb4b08591596e2",
    "117.3b": "3b6baf573bd765a2",
    "117.3c": "b2955f09a7fb444a",
    "117.4": "5617aa49c3a0ba4c",
    "118.11": "6f5dda2506c6e013",
    "118.12": "6a0f0858b0e21db0",
    "118.12a": "25f4a65f5b885e40",
    "118.13": "c0f8f5f890b4cf84",
    "118.3a": "c58165d8432d4666",
    "118.3b": "9737daeb8dc552d3",
    "118.5": "aa7bdb5f846d8d38",
    "118.6": "5f2f2f85ac404c42",
    "118.6a": "5c9c7988168744cb",
    "118.7": "d5406e0ecd938ade",
    "118.8": "ce12fadcb6af9004",
    "118.8a": "ff2a84eaaa3af97a",
    "118.8b": "62fca10498cde598",
    "118.8d": "c2e1cdb5cae4f1c2",
    "118.9": "cfa2eac8a3c9355f",
    "118.9a": "e82015b2cec9af11",
    "118.9b": "87d14679c08450fb",
    "118.9d": "a1a6d593a332e8ad",
    "119": "52d46ffedcf86c4d",
    "119.3": "d2808a1f9e7428ce",
    "119.4": "3ffe90c1fcc88fb5",
    "119.5": "4cde71598ae5a0b2",
    "120.1": "59707df3377673c1",
    "120.3": "e6f734fb603a3c8f",
    "120.3b": "72549a6e6fc3fb09",
    "120.3c": "7383239befffdb44",
    "120.3d": "d4ce936fe7680169",
    "120.3e": "c53efedc5c331ccf",
    "120.3f": "2cbb9442ead7d619",
    "120.3g": "cd2f8f4d4ba6bc94",
    "121": "61d2a34be8021e0a",
    "121.1": "bc2b21bae045b7fd",
    "121.2": "baba43bc959a1791",
    "121.4": "0f7da71604258c8d",
    "122": "e5a4fa99e74a75bd",
    "122.1": "f4d1484edb1d687c",
    "122.1b": "a611b40804b8e1b8",
    "122.1c": "d36e7ef436638746",
    "122.1d": "4824fd84ba132e06",
    "122.1e": "6ee4becb69f88bae",
    "122.1f": "15a6c31f21507258",
    "122.1g": "36d423c3f8b3f612",
    "122.1h": "5c8dae2ed633fb9a",
    "122.3": "e1ca69e38a2f0bb0",
    "122.7": "d8052e249fd755a9",
    "201": "dcd1d5223f73b3a9",
    "202": "7444bda4ba1a4700",
    "202.1a": "a0d4f20b463b7a27",
    "202.2": "a50a5352fed7bb8f",
    "202.3": "8bc4a4757680bb1d",
    "202.3e": "f75bbb9f12105900",
    "202.3f": "423a02a69450a776",
    "202.3g": "f0eaa8ebfffd5d67",
    "205": "61c3129a9fb7462d",
    "205.3": "280b31be6e58fa6f",
    "205.3b": "72ecbd9397f7d5b2",
    "205.3g": "e083b0cd3aee7bf5",
    "205.3h": "8dc3872b1c826fb7",
    "205.3i": "6dc5577acbbb8fa4",
    "205.3j": "71a73ae9e6cf49a2",
    "205.3k": "b8a7ac948f17ea61",
    "205.3m": "11b0502f880b139c",
    "205.3q": "bb2409f1f8e371f8",
    "205.4a": "c810b7af95b6c7b2",
    "207.2c": "e124be886ba129fb",
    "208": "84ef3e3a37e99899",
    "208.2a": "7384e03dd1a4edfe",
    "209": "cfa3d938c034534e",
    "210": "6d3b491cc4b3b8c9",
    "300.1": "a34e2b968d4cb992",
    "301.5": "57a25aa68df77b25",
    "302.6": "978ff61bf0ee9867",
    "303.4": "2d3d8ca429e7162f",
    "305": "09e6b75ca97faefc",
    "305.2": "aec2bb6d8dee440c",
    "305.6": "4a16dd36704b3aee",
    "305.7": "cb93cb27e294e320",
    "305.9": "7a9839c14df0c1e8",
    "306.5b": "3e4371cc70acccf0",
    "306.5c": "71c5372801584a99",
    "307.1": "5dbf2db6eb7c097e",
    "310.10": "a63b3632e31c4809",
    "310.8": "3bd393ab381e81ca",
    "310.8a": "281b3dcdac12123d",
    "310.8b": "6adaa38c21611142",
    "310.8c": "f5e78b8af3397600",
    "310.8d": "698befcb1774e0cc",
    "311.5": "f82c192c69a2921e",
    "400": "c910d474dcd724bf",
    "400.1": "ee16e62fcbea61f1",
    "400.11": "8a7f35107bb269db",
    "400.2": "feb11c5251141c7a",
    "400.7": "9ec31ef2bc424457",
    "401": "dc20b3d5d2cddf82",
    "401.3": "24beaa36bd6c7e14",
    "401.4": "442f419f0d8c411f",
    "401.7": "3280fa2cce8f8737",
    "402.3": "6150708d06c7beef",
    "404": "3561a4b89ed11c98",
    "405": "e551641242ce7246",
    "406": "2cfe1eac26d58540",
    "406.2": "77956b9c8e281fb6",
    "406.3": "94555c88907d9dd6",
    "406.3a": "18074d7ac11346c9",
    "406.4": "2bc4716049486b75",
    "500": "c910d474dcd724bf",
    "500.1": "6b18ae083a4b38a7",
    "500.5": "e1388cba361b10c5",
    "500.5a": "af26a391171c68d9",
    "501": "4ef686ca36cf7839",
    "502": "2313bf36d5d823de",
    "502.2": "1c88a7f72180ab70",
    "502.3": "21b6771ca3522bf9",
    "502.4": "27059b2a5b0eaef5",
    "503": "89a93be70c66b112",
    "503.1": "10330e5006e416c5",
    "504": "ea472394ec1ea148",
    "504.1": "7b3bd7b0b9d616b6",
    "505": "b207c29758530308",
    "505.1": "864fec42ed4b21e3",
    "506": "f4bfe3b05ef76229",
    "506.2": "6570c9c147aff370",
    "506.2a": "40f5f7890799fbc7",
    "506.4": "f098bef04a8ef03c",
    "506.5": "6dd9f53f1407770f",
    "507": "92afe044784da8e2",
    "508": "70b813fd4128065e",
    "508.1": "250d861db92a8a71",
    "508.1a": "885c31372e9489a4",
    "508.1b": "2c1d8209e25a7245",
    "508.1c": "41acf1b967631bf5",
    "508.1d": "b4c5d0882be3dfee",
    "508.1f": "d5f15c7011376db2",
    "508.1g": "bc0a91b4f0228e58",
    "508.1k": "843002c80670390c",
    "508.1m": "866df58da4326a88",
    "508.5a": "c73fd114e1991249",
    "508.8": "d1874fb42eca5120",
    "509": "88c008d0680bee8d",
    "509.1": "35cfca82aad4c314",
    "509.1a": "66ce9109114e388b",
    "509.1b": "091ebb7dfba48151",
    "509.1c": "604c5cfabfa7cfa6",
    "509.1h": "84b7ad1199155030",
    "509.2": "dfb29e9864cd503f",
    "509.3c": "34933c196ef4a96a",
    "510": "7f9defb14d381579",
    "510.1": "933f1f00d37c6810",
    "510.1a": "41e0c90c6e87e817",
    "510.1b": "81d9279ec4a30c0f",
    "510.1c": "7ba70a7ee67e44d3",
    "510.1d": "1b83185d3a27d339",
    "510.2": "46f8d453d36b26f6",
    "510.4": "fe93db68c492f3a5",
    "511": "9193c811a65ede78",
    "511.1": "e815eae7d0e193a5",
    "511.2": "db02f1352723bb03",
    "511.3": "ad38066de0f1ab89",
    "512": "1bbaf560b4197515",
    "513": "932d1d4f15868478",
    "514": "326475478c2e9d91",
    "514.1": "90d0d0508819227c",
    "514.2": "91680059f1c98c94",
    "514.3": "75c95abac30fd64a",
    "514.3a": "c9ab2d501b64d318",
    "601": "1c6bbf19270a398a",
    "601.2": "a4070334e0414b93",
    "601.2a": "465cda6dbfda51af",
    "601.2b": "2a8fe533cb209162",
    "601.2c": "2b2a2e2c43063472",
    "601.2d": "4ba91914912d516c",
    "601.2f": "3f2ad311eb0e51d6",
    "601.2g": "430c72d20a628c03",
    "601.2h": "34bc9bbece44f988",
    "601.2i": "c37bc46ba9c43d59",
    "601.3": "6563cebc50ca8d67",
    "602": "6104af0e83ec57bf",
    "602.1": "53658e3c62fe64fd",
    "602.1a": "018933941e076e52",
    "602.1b": "cdf6f1e073e29f3b",
    "602.2": "3a1371d495f26f69",
    "602.2a": "f92514f311ff04c4",
    "602.2b": "c74546fdc2407470",
    "602.5": "89c43fa4232838d7",
    "602.5a": "ee89d34173303456",
    "602.5b": "ea52f84b61dbeb7b",
    "602.5c": "95c77ba4a4837e57",
    "602.5d": "2430794f48a141e8",
    "602.5e": "2f368dd49f88b415",
    "603": "27a6b11e4b193ac0",
    "603.1": "42f8ad453b8803dc",
    "603.10a": "5c794df037ee05f6",
    "603.10b": "694b2897dcbf5e19",
    "603.10c": "17489b2fbe3443fb",
    "603.10d": "a4b20438404b8928",
    "603.10e": "0cfbabc2b7bacc00",
    "603.10f": "752ebedf9cb730d0",
    "603.10g": "372bf32533ab2205",
    "603.12": "058d3963c2c00748",
    "603.2": "334c5da040a0084e",
    "603.2e": "c6ceeb67fb376472",
    "603.2h": "087ed766c44c8353",
    "603.3": "9d020e82ffb4b20f",
    "603.3b": "2428e9ee2a9ba8c2",
    "603.3c": "0fa5851f6e7b75a6",
    "603.3d": "c15931bc71387fe8",
    "603.4": "5efd9875d22b9576",
    "603.6": "2dbb317dd762b185",
    "603.6c": "bc98ffbf46456bd9",
    "603.7": "ea0f49d419d336fc",
    "603.7a": "ea3a79a579ba8186",
    "603.7h": "3e8336cf11ee87b4",
    "603.8": "af682182ae8f4c49",
    "604": "22ab17bb77bc430c",
    "604.3": "7d0cf5872cdf6a90",
    "605": "2ec8cfd054506baf",
    "605.1a": "fb1b636d76dced65",
    "605.1b": "ef007d1bf1c92ff0",
    "605.3a": "bf0a9c292820fc99",
    "605.3b": "edb5aea1e1903329",
    "606": "b4c3ac428d6e9a1f",
    "607": "09fe751beb349399",
    "607.2": "95d7ba72681f1a68",
    "607.2a": "f4fc1e08b7c4ce75",
    "607.2b": "179e65ef03dc1ab8",
    "607.2c": "9106058303870685",
    "607.2d": "017aaed3dd238d17",
    "607.2e": "a9bf628347a4e3ba",
    "607.2f": "9abdd1e27d93bc4d",
    "607.2g": "61888ba6dcc730de",
    "607.2h": "47d82c46df3c5e56",
    "607.2i": "c3584e57246718de",
    "607.2j": "4df63ddcb6b1629e",
    "607.2n": "1af1ce09e251d6c4",
    "607.2p": "e5929d23156b9874",
    "607.2q": "54b361b47d130cb3",
    "607.3": "f79e1ac0c40eafbe",
    "608": "0e2d432b8e9d5e2f",
    "608.2": "c3ad495df46d2a40",
    "608.2b": "a26c350f155fe3d1",
    "608.2c": "f4e5b1703ff81954",
    "608.2d": "02e3a9a4dcb6e5cc",
    "608.2i": "97f65c48fc135bf9",
    "608.2m": "e0274070e2e32a06",
    "608.2n": "e604c5db34de964a",
    "608.3": "4219b859faca2f25",
    "609.4": "7ec931ce8d6005d5",
    "609.4b": "38a7e8738a98e0c5",
    "609.7": "7a91b5827cb1cc54",
    "610.2": "04aa272e07f00def",
    "610.3": "6af63721edc94a22",
    "611": "e9daeb4f49e2cf61",
    "611.2": "76fb4b2bd33b18d9",
    "611.2a": "ed5c43dcebca6ac3",
    "611.2b": "3b01ccc017e60d24",
    "611.2c": "5313b15e80d21444",
    "611.3": "2e83d274728fbf49",
    "611.3a": "1ce340acf2002dcb",
    "611.3b": "df49e35d076f7bfe",
    "612": "eafe03e0cb161bab",
    "613": "d8aaf49ea9fc6a00",
    "613.1": "49491551643448a4",
    "613.10": "433fe512a1c09c50",
    "613.11": "dd3cc6f2aa13a9c4",
    "613.1b": "1cacfecd3e13ed53",
    "613.1c": "2f25512a326fd78f",
    "613.1d": "9fdbd95742d57a13",
    "613.1e": "af199504f26f9d3c",
    "613.1f": "c30d876033ba043d",
    "613.3": "14d50fcd8aa9ca65",
    "613.4": "9ba45c41fe229bc9",
    "613.4a": "347015fefc1ef240",
    "613.4b": "50ee234c558c3883",
    "613.4c": "a4500372aa271612",
    "613.4d": "ccc103b0aa561943",
    "613.5": "ee4cc007235b0ae8",
    "613.6": "b24d32859a1f3dc3",
    "613.7": "1486e2cd8f1bcc9c",
    "613.7b": "fac95deb85c9c086",
    "613.7d": "d2d04ce819d94bfd",
    "613.8": "d9bab3d8bbe31bf4",
    "613.8a": "e2ec8964615a46ab",
    "614": "5efa4e7d23dad231",
    "614.11": "1dde906cb33a41a9",
    "614.12": "6a64ae787ea3aaa9",
    "614.12a": "fda5ac94815c4a1a",
    "614.12c": "594780c5594d07e7",
    "614.15": "0e0fb3adb5279c01",
    "614.16": "3601a01df06ac3b0",
    "614.17": "010c20ba7bfe6444",
    "614.1a": "f61164c5098bba1e",
    "614.1b": "582fb500d182c525",
    "614.1c": "0fba0b53e80ad4a7",
    "614.1d": "65c6bd13f04b6237",
    "614.8": "ff8f97cc137ab794",
    "614.9": "ea7645c243004206",
    "615": "93b693e985380227",
    "615.1": "f7877396b4bd2798",
    "615.10": "3839a517d880c76e",
    "615.3": "2b5856a57d96d38f",
    "615.7": "36b167d808a7c850",
    "615.8": "ccb7aa095faa0056",
    "616.1": "3ef08177561d2c42",
    "700": "c910d474dcd724bf",
    "700.1": "ca829aab1b90a166",
    "700.11": "4c897ea439352a93",
    "700.2": "5782a855b79d47bd",
    "700.2a": "02eb0f261db68a94",
    "700.2b": "02445a4d5ca02301",
    "700.2c": "064ef434d94e6f1c",
    "700.2d": "f6ea53418c55c07d",
    "700.2e": "62e4eb18db6dfec9",
    "700.2h": "b909d1038fdecc5a",
    "700.2i": "436e105b6bce2f96",
    "700.3": "e6abd96a39b7cae2",
    "700.4": "7aac2b7f77c5b6d2",
    "700.5": "d3f5ef790b794824",
    "700.6": "c5f5f97545589b43",
    "700.9": "07a98cb0f299c279",
    "701": "d1e39533880c6ff1",
    "701.10": "529441523bec75ec",
    "701.10a": "c6376a61b7f34333",
    "701.10b": "52247ebdf015ae0f",
    "701.11": "a29cdb61df1464ef",
    "701.12": "d60a318dd8a0cdc8",
    "701.12a": "f8263d7f64eec135",
    "701.13": "2cfe1eac26d58540",
    "701.13a": "4aed3a787fb2c8ca",
    "701.14": "1ef142c8213e887d",
    "701.15": "e188b5188b60082f",
    "701.15b": "f82ee7c743f04d27",
    "701.15c": "39471f262588acee",
    "701.15d": "cd147628435be4f5",
    "701.16": "e2641093476bbd11",
    "701.17": "a5feb9527e767094",
    "701.18": "436e61016e26fcb7",
    "701.18a": "9b475db2e12b2f0b",
    "701.19": "1651031bf58d8eea",
    "701.20": "36b830bdb447f8c7",
    "701.20a": "b07bf0d1d19ed417",
    "701.20b": "e1362715dbc71960",
    "701.20d": "10bb46ed1cc0fb1b",
    "701.20e": "b2c77556cb5343f3",
    "701.21": "33403d8f77f3caa9",
    "701.21a": "fac1fbc15d2af334",
    "701.22": "5756243f423e6d39",
    "701.23": "49c266baaaa70981",
    "701.24": "317cb3a7efadd989",
    "701.24a": "eae7bb1e3e3f3315",
    "701.25": "d2227ab38851c50b",
    "701.26": "1d92808a0a772726",
    "701.26a": "486308b0ac8a09d4",
    "701.26b": "41038f41e27a0b92",
    "701.27": "d2d68041b53daa75",
    "701.28": "5cd425f518c2e59a",
    "701.29": "d43bd0b7c5dff7e8",
    "701.3": "d406ade2958cb5b6",
    "701.30": "11ce6c777cfd6533",
    "701.34": "4b4e9ce7875b5f61",
    "701.35": "16de3a65e37c0994",
    "701.37": "3b9da656aec79069",
    "701.37b": "a8fd41b34d95f37a",
    "701.38": "cd5588db6fc6fb44",
    "701.38a": "50f4a0a6fc1f140c",
    "701.39": "d39ab71764c888de",
    "701.3a": "6b48052f00c1e4a6",
    "701.3b": "4e0c024b527e1d75",
    "701.3c": "2e6dc1d350f391e9",
    "701.42": "029d7af17ca203e8",
    "701.43": "a48e96255d1d6250",
    "701.49": "57cbd3777e07e48c",
    "701.5": "1500405573373612",
    "701.52": "e96125c325d79280",
    "701.54": "2d252aae89377ad5",
    "701.54a": "53a7c6e0c38db802",
    "701.54b": "c34c776e7cc80528",
    "701.54c": "302f5606d0c40102",
    "701.54e": "e9a9a3e082cf75c4",
    "701.55": "6b07ee2baff37ab5",
    "701.56": "47db7c254d18053f",
    "701.59": "51deb0142989af01",
    "701.6": "a78cfdf4acfc2942",
    "701.60": "f5ebb28614ebb0ee",
    "701.60b": "d075933d0c315829",
    "701.60c": "9244d3557ecf042d",
    "701.62": "9864f6192a6083b4",
    "701.64": "e3b5b45953d79a15",
    "701.64b": "0c960a6f7395a3c9",
    "701.65": "2d847994a1e3ad77",
    "701.67": "19d6b836f8f25bf5",
    "701.68": "f4ba436410ceedd1",
    "701.6a": "ae1cdb5bfb3a0166",
    "701.7": "4759498ac2a719c6",
    "701.7a": "88f33e0c37ab13a8",
    "701.8": "ea9bb7ea83febba1",
    "701.8a": "b4fb9b5253fd469f",
    "701.8b": "2b67784947e2d1f8",
    "701.9": "eb1a70e39274bb76",
    "701.9a": "a98dd8f7a885f7c6",
    "701.9b": "4419c0686fba6581",
    "702": "aca10ccbf4beb7bf",
    "702.1": "2aa16ca53bef7f62",
    "702.105": "ec6bb65027e28000",
    "702.106a": "a33a3a345099dba8",
    "702.106b": "98c706b3a98e3bca",
    "702.108a": "07c36c36d0a6983d",
    "702.10b": "77bb5f867ff138e6",
    "702.10c": "4d80a1674924bb02",
    "702.11": "7374e95bc1210293",
    "702.111b": "02b0510988cc839d",
    "702.112b": "c379fefec12c60f5",
    "702.117": "4082237fd31a87c8",
    "702.118": "a1406b3cbad78d65",
    "702.11b": "daedc6374f4e2c80",
    "702.11c": "efe6337d0138ac2a",
    "702.120": "d563aaf7079b2715",
    "702.122": "5d285367ec5de396",
    "702.122a": "e1a6b82e98075150",
    "702.122b": "2c33a0f07b18497c",
    "702.122d": "bb8bbb8117c82bcf",
    "702.12a": "c2944857e5bbad1c",
    "702.12b": "590e41803c0fce00",
    "702.131c": "975e9931e065db12",
    "702.139a": "d3d813914bfdb623",
    "702.140": "fa6ddadb5367135d",
    "702.143d": "f17f84c68afc8abc",
    "702.145": "7b5949ef119ce2cc",
    "702.15": "8701c4216ab0c9a7",
    "702.154b": "eb09726a7f4a5ef1",
    "702.158b": "91c8daf9b7b1909e",
    "702.158e": "bb0ce972c320da35",
    "702.16a": "2e62b8d315a650f1",
    "702.16b": "b24c65cbf655aff9",
    "702.16c": "d6a3c4f3a45920f2",
    "702.16d": "bac455ecb69ee7b8",
    "702.16e": "7b316d65673a1eb2",
    "702.16f": "71a18ec45746d433",
    "702.16g": "f07947c22fb8daae",
    "702.16h": "8aebc8f433b2d44c",
    "702.170c": "061bede565a91425",
    "702.171": "0ce4ab5f45d69b62",
    "702.171b": "2ae4aacb48ab6bcb",
    "702.172": "34e49d9951a7b52a",
    "702.177a": "73ac44311bc2e840",
    "702.179": "51a26e58bb00b45e",
    "702.179d": "c002e77a2c431466",
    "702.179e": "747a37fb9c24f8f0",
    "702.179f": "4f847dc185504ea1",
    "702.17b": "235ade45b15934ab",
    "702.18": "8deaf148791634eb",
    "702.183": "2c736531c9b0380e",
    "702.185c": "91bb6656a7f27119",
    "702.189a": "9dbd88109b59d4e4",
    "702.19": "06d375c77047aa37",
    "702.19b": "6cf9462bb4c10e34",
    "702.19d": "e22f3cee51b9a9b7",
    "702.19g": "87c35aff718e0cee",
    "702.2": "344d4bec5f4050f7",
    "702.20": "7b186aaf815451ab",
    "702.20a": "66c92ab2337b3e1e",
    "702.20b": "c528ae5f2faeb5c2",
    "702.21a": "1dfde9033cbe2fb9",
    "702.21b": "b7d7fa11e44b8d97",
    "702.22c": "9709f4bb92e35cd3",
    "702.22e": "139440170d413284",
    "702.22j": "b7407cf0eb510224",
    "702.22k": "ebbb3c551e3bad3f",
    "702.26b": "1175c7473b13473a",
    "702.26c": "2edc48e64c061340",
    "702.26d": "f6503cbd765a57e4",
    "702.26e": "752608b1892e723e",
    "702.26f": "a85dc2e8693106f0",
    "702.2c": "3660c5fd73b70d3a",
    "702.33": "129001dfc968fe13",
    "702.33a": "e7b32f4e9f635670",
    "702.34a": "4682fa0c2c91847b",
    "702.3b": "a7a508f6c1a0aadc",
    "702.4": "f6148c61d5e84345",
    "702.40a": "1faf337fc102dca3",
    "702.41a": "e7e01dd42b982f17",
    "702.51b": "c6c50c4f5c07bd2e",
    "702.57": "75205de8b342f506",
    "702.57b": "36e2cb984d34e8b5",
    "702.5a": "b53a610a75c07031",
    "702.62b": "cf56ff22c1e29d7f",
    "702.64a": "032233e2e007139a",
    "702.6a": "8ae451fc98487d59",
    "702.7": "41acea51a292ebc0",
    "702.73a": "0ed28f2c420fbe62",
    "702.7b": "78e84e751f584747",
    "702.8a": "71b4d874fefb05a4",
    "702.95b": "9516ed33702e67a0",
    "702.9b": "66ccdad4a1af8ae0",
    "703": "d57415b1f8322d55",
    "703.4a": "a09d0d9f28ac8e2e",
    "703.4b": "89fc45607662426d",
    "704": "55cda3ecfaf73616",
    "704.3": "a836b0ece8328ab6",
    "704.5": "50859f5708352c7b",
    "704.5a": "e8dc386bf032b7e7",
    "704.5b": "d2a65bc75a61b83e",
    "704.5c": "51d3e046a64b9044",
    "704.5d": "15ccf24628aa0931",
    "704.5g": "be0a6e67b4c7a3de",
    "704.5h": "adcb9cf8f4b64e79",
    "704.5m": "3db6a88aab0db2ec",
    "704.5n": "dffb15b76cebac54",
    "704.5u": "bb37c3dec806f8bb",
    "704.5w": "501d02526eea4fb3",
    "704.5x": "cb08a34824be7088",
    "704.6b": "370d25eeb06dda5c",
    "704.7": "486666a9d24f543e",
    "705.1": "a9e4289502cda730",
    "705.2": "18a7fa78c433f6de",
    "706.1": "50d4095e8e51c481",
    "706.2": "6fd21e64d1cf4fe9",
    "706.6": "c03358b7b689487a",
    "707": "88c363c4228c830b",
    "707.10": "3d7adec652fe653c",
    "707.12": "3003838998b4e196",
    "707.2": "fb98566198c21eb9",
    "707.2b": "4eaea60ac41b8abb",
    "708": "5a4141c9366356e3",
    "708.2": "eb62233df909be8c",
    "708.2a": "09b025690ed3d4db",
    "708.5": "92d962d5612f7203",
    "708.6": "71e5a1c15eb4eac4",
    "708.8": "df4c9f9821cd67d4",
    "708.9": "fdb4fc89649d5cbb",
    "709.5": "3cff770241be3225",
    "709.5c": "73bccc82697ff2aa",
    "709.5d": "95db7e4f4e458085",
    "709.5e": "1df3d80a1311efd4",
    "709.5f": "b535b5ac76e3aba5",
    "709.5g": "2fbe33493e8e0198",
    "709.5h": "bd9d2de03fbcb8df",
    "709.5i": "0a2e90749211dcbe",
    "714.3a": "e735cee8e82b2ac4",
    "714.3c": "32514603da0d2eb6",
    "714.4": "43472e108ec4e5a0",
    "716.2b": "ca1599e4932c2b35",
    "719.3b": "ac006f829bf67ac6",
    "719.3c": "ad82838775a78195",
    "722.3a": "c11986db4b54684c",
    "722.3b": "6343aef291a11b86",
    "722.3c": "6dd8ebad9580d305",
    "723.6": "b996b7d0bf86803f",
    "724": "0f51850dfe21c8e7",
    "725.1": "4c73d5beea5ad3dd",
    "725.2": "ccec486b77ffa596",
    "726.1": "00eb8ea6554db673",
    "726.2": "f38a34e7efb018c9",
    "726.5": "bcd9878571ee9e4a",
    "727": "4a617e93f3b7093c",
    "727.1": "e0a27ae42cbef9f6",
    "727.1a": "1bed37a25e19b119",
    "727.2": "50d1573c8e802f6f",
    "727.4": "ce3e4531b99e530d",
    "727.5": "01ab4f0c624ae0d9",
    "728.1": "dd3f4c0d84a602b7",
    "729": "5a6a9f4d901ae298",
    "730": "f7efb002eda72748",
    "731.1": "b06799110cb3b8df",
    "731.1a": "c3b9e0026c404de8",
    "733.1": "53e473362fa2adc7",
    "800.4a": "8a58982df67430ab",
    "809": "5d866a216bd5d1ef",
    "901.6": "dd6b5075952dc3ad",
    "903.3": "005b057eeef39b6c",
    "904": "4192dd56ef44e2e7"
  },
  "cr_date": "2026-04-17",
  "wizards_url": "https://academyruins.com/link/cr"
}
