{
  "schema_version": 1,
  "source_fingerprint": "e85359d7b8c578df13dff2fdf7c743a520a5b367d5ed25ab0a5f03cb8b3637dd",
  "accepted": [
    "00eac4b4bf9d2a8091e100a1df43561d68a79e873b8e581b04775e56dc0eb3ac",
    "0406e7b5822ce4e73c076565ec74b31b5fc0ab6b45bf25b1af795ebaf1fabe6a",
    "12489fb3ff20cbb18efbe92211864da3aed43f635f7e70de755bd00322dd1c38",
    "165cb04d85924351cdef2e1e82909db302f6b45e7ac9206efd93f84df645a661",
    "217aaad454c62ef435a0209d1ab4d1601092c3735dc0159afd56cb75d03827c3",
    "309b677ffc9b3ab9a0bd2e61030602ab4c9459ad41ae15ec22aaf72fa5c21a9d",
    "365e11312b74b8196362ade40201926eea2d2bc3a8c512dd0fa5a795d05ca987",
    "379bb98c631060dd8a2786e4070d383b070c4e0d0b1223859104ae254f636bb4",
    "390833ca747db4ec416d9df3315f53a6b8b2ca93567971c0cc3a7226720ab534",
    "4124426a507e582e2c14cbec6b1ae52816855330f1e1dc924bf6f7742a994de2",
    "4180acbcf440e3e2bb21ac22f61f31c2229d9537bf8a668d9a6aed6302d4ad6f",
    "448016cf28b984b6bc42dc1b9d7deb0c624e6556dbfe55a72fa9b5cc2cae5887",
    "44dfdb5a9159f9c5d4cf8921f21b49a4e2197a43218bcc2d885654c68e0c76b7",
    "4ab197d463ac437f3d7c6b30144a1e7b1f712f4fbefbef2eb6ba035e935a3129",
    "4d20c952c86855db4acd337595defa3921e27a0d1089512858c15e679ac919cc",
    "57c51f7ed2bed0d2886c08bb8fccbdc4ee3d9e80c116e27619d28582e0d299ba",
    "587aa39aa7f02a8c5d3316121f1818a5f3beb9e0c806b361927e4577954f03d5",
    "5a0bd9563d2e05ca394ee7bedc5e55f386f82ee16f4227c410565066c6585660",
    "5d5a5a2093e16b381453115ec14cfe55bb18193d573132167c980e9192272f87",
    "5e93b5e95d79f5fbc22ede271f0b3768436abf0b95613a748d738a48b9ec8653",
    "5ee7a9a8a522886de86bc507e638f594f19cd6e78c6cae10fcc063557a1ef03c",
    "5f8a678e8c2a8eeaa42d822afc30c2edbe6a80aeb9e1754cf05c891aa272d6c2",
    "650b490757ca237013468bb5fd83bac625301e41f2487d813ece056715b9ae26",
    "719647498a17d684b0479fc4669d2433db84ae1dd87977af2c3fd4c84f6e759c",
    "77bcd1a631265dbcf2dc504a95e86e98beddcffcf89e35d3960ccb8a843a0e1d",
    "79d780c6eaad89301286966d8f2206f27502a54e4789fc6e50081668684f0e6a",
    "869e4960ecb8e72a876b7b14b02c9b718146972fab2fffc0766cf6233071dbd7",
    "879295229385960d6c927f3c5a4f09267c95537459e90962cd6d6951b2b61dae",
    "88bf59b916db9e5451e833371541386d8e4ad0980e321544be5de3325001dd45",
    "8b3ba2f8e5e5e097ff57190e011d0e29af4bf19981c0037466d3f6edd785070c",
    "904e731b87e6479d207f628466a2a7fc192e3389aacb43b69fd915f7274d6b06",
    "94ac725bb5f200af6eea5a95f8b91fcca25112b2abc7dae98e6045002b6dbb2d",
    "9a86fb4ffdc4aa9ce87897b41965d6d004665c5b1fe9b92bf9db90555ed7aa0c",
    "a0fd3717fb801eacf25f3a6d32adae3416f81b609faf01a3c3ad330bea15a50a",
    "a12f24b2c5bf6944cb41c31d806ffdcaca28016d60e60fe75fa805c19317f7e6",
    "a482d2e1fb2709c41be7021ac86abbd866652c7f3ccbc20e7156d7a4cc96f047",
    "ae3bbe454f3030d0fbf344b06f66ab25b4b4fedbe522a4bb4b191870c1adc7f5",
    "b85db1adbcd61a71c730cbce9b866de2fae4a9783f32d16d437c9cdefa8a6816",
    "bb56b934773b768998d39686c181640ab2915888ecbaa84758f6b8eb532884ef",
    "beb22a4f48d8806cd7336f597114009076b53534e3c058a92621d04a2d599723",
    "c0e1291deb54872157ebce05744499bc48f6659c567037cf29e0f545383e891d",
    "c227bb86d018161dce6167367f175e28aa8841e9b6fb8a557f5912c86e92db8a",
    "c29bccfe15fe6276a487a7b7fed7c8f58fee9a543b047c329e0ba9c752cd9e42",
    "c979798f7efc05b58b9ece70d016c27d435adfd14db38c4fcbdf1e9cfb430978",
    "cc05110344fbe99dcdba839eefb9bc6d24ad1f1024176bb55112fb9c61e5d340",
    "d9d0454715c51bf5ef23640b4b5bcedcd30e7fb2d60cfd53a59e678a7e629112",
    "dfd291c3134d507bb1268174304a75a7c1150f35159d402725e550e8b4a2b169",
    "f8bb8415303539024d3a91fcdfb2f7f8588c2d2163d3d6355163df2561b7c216"
  ]
}
