{
  "schema_version": 2,
  "source_fingerprint": "e85359d7b8c578df13dff2fdf7c743a520a5b367d5ed25ab0a5f03cb8b3637dd",
  "covered": [
    "0000943033be56af279974751b66a49d5f1b8112e4f8b795a9b8cb6e574602e4",
    "00eac4b4bf9d2a8091e100a1df43561d68a79e873b8e581b04775e56dc0eb3ac",
    "019eec477b7a44a91fc570be9cdeb8bb9257734042b8df2e13dbcb95f93fe9a0",
    "023870c7a26dccb7e7ddb231436fcb319620a4ea82462bfe002c0ef9c60188ad",
    "028fe7a290ba5ad5289a04b3367c91ca00af7bb6fc31f3246fee09ed40dcc18e",
    "0406e7b5822ce4e73c076565ec74b31b5fc0ab6b45bf25b1af795ebaf1fabe6a",
    "05c294c3c3f6d2948975ceb9453d09d4c77683a5cb4eec69f1fcc2be2335896c",
    "069cd0725c10ac8a77bb9311ac7269ace5874cc6b6620a457170f90822cac60b",
    "078fbd915d259614cbe1b095f2337d3177815334fd4d8e61ac1308fffb203ef7",
    "07decf63bc8a54336beec944062feaa2eb5dcbb6bea549ce6ccfe6a2643bae63",
    "08a857bbbf6521d81969e6dee5782083c9186ca6c0697b510133e924b2d94c56",
    "091e484dd50f521ec75dbbe05c27710fa8c3f85806022b25c5e1647e1ac0ae46",
    "09d12d2990b0564db806575490de88cec8815b7eb8c1e04ff7a61885e8e43517",
    "09d7f013e329c9f52ac8b781a0bf95e703af6696ccdab4e520c6804012e73ed8",
    "09f76ef80d3ec7ddae5b9840cceb9ef4aabf1b78e7b092ce098134b15d9c52bc",
    "0b9394dd34205d7728508fb6ecf7abd8a92ffb4ef7d0eb06cba86ed131853dfe",
    "0c3170219d861dfa56d681fa77cf3073204c3843fc2c8766da5d38befc2b6fb6",
    "0db8d476a6c1ff56dc2de32f2e8ec9a472c3a73d4311c7b00b2e09399818faf7",
    "0ddf91279ca90ce3720b3a0a839aaab4f488e0d88cd49b3155fb2fe4a677f53d",
    "0dfdc9109d0c24132cc589a8be52d04bc934abde03ec575da68b7639ad137262",
    "0e0c5a5286f7ab471059447d8bb6e5e390c7084c9087b323a9e7e7005aa87a26",
    "112cc3b5996dcbe4e7c8776d07da4feb86b45a48e8f426667d5c206eac6730d0",
    "118f7504fe81e49116dc58cec486ad7a31af9a0366511bf063b0ba5296428c25",
    "12489fb3ff20cbb18efbe92211864da3aed43f635f7e70de755bd00322dd1c38",
    "12c4a081c18b0a5c951003101016c72600ef363ae5e85ed1092737e718a895bf",
    "1308fc434a3ba1e731e9ea0e4303995ee1e867020953f65226e32be897bd1f70",
    "1398ce9d37cafaa0af3472a1d916c27ff20a6d1483ea00edf742c9979b3d8715",
    "13b5cdead07d1f80bde5d93bf46c616cbe3954f27de0fa2d0db4b889dd76d45d",
    "15dd9d3b86c442f491d7c0ed73bacef865c045806611bb8b0dc5cdbf72843535",
    "165cb04d85924351cdef2e1e82909db302f6b45e7ac9206efd93f84df645a661",
    "16d0e64e50938b31bc6bebfc47eb1a7e5d9ef3c09f6f9de381c5592db14e1111",
    "16fdb1a4079b2853ae741d27a7bbe7ee5e017e21aaa5644699803bef77f8d089",
    "17a263d58e5b2c1537c23aa062ff3a7f449716058451ba87a5b59e8a8487f08b",
    "18c591b620ad1f4ca6d43e8e478635d6bc8c4eb53f8992ee24aac6a6015db363",
    "190e2ff07c24953515077fa8eed6603085a1442744f3fae093aa42c8b23c99a6",
    "190ecaebbd00f40ac4c05f68107edd4e46eca84a452642455e36a733a5a1c4b2",
    "194bc931f661ee31dc311ce43840c248128e1fbc00a7625af39276ce38c52e6b",
    "19be769f1aa00c609b171fed331a025c005e6aa3f3825bc27a82f986f92883df",
    "1a7b09f255af053433b76b5222dad4febaffbd4705497003c7148df2daceb001",
    "1d362d3b1442ddbf731cda9594425f25a548c7a15e5bf669b8ed3e183f01f652",
    "1dbd7deda727263451bbd402fa3edf9e5981b9435beeccc3877e4f6d3c64fb70",
    "1df787963b5e69cb4ac3ce68659355d4ff8522169035ab716098b3b43d6c6c78",
    "1ea77e72846b8e98139c75f141e3f2f1f31e417312b843594385b716b8b30f73",
    "1f3cc64616dd475dd92140ef1554655138a7146dc102aa6f9848e615fe7985cb",
    "1f71be9270fae7e7df8e228ddb342439db81f1a8a5d9a79395a555de56e6f680",
    "1f98c2b8d78b14d47b83dfe16a5baf151fe913cabb0de08ff810cd8b223e1678",
    "204c14d22ff3c38a630b3a778cb3e015c2e57a645f1a6f23c513e458731c38e2",
    "21696b73904c3bf9535de1d609ee01e49f2044e4070153903d55f4f14f889c8b",
    "217aaad454c62ef435a0209d1ab4d1601092c3735dc0159afd56cb75d03827c3",
    "218eb6ba15f6a988d948bd2e7f434224015aa11e42fe0c103e67c2c1143aab88",
    "21ced2cd055d36dadc65e2233dddeef4970beb5d0c8c3d87fe16b7b49925e5d4",
    "21f0f2a7446d97971775ec0d64e12a8dcd4ab0d052fda9f9a9de188299a65192",
    "23c5c506bb07c98b2e5b4ead048f43e797a50e531b2258f38c06abf9795463f3",
    "249331da8dffed96cd3ff4188a53df91c89247e4237ae5dd37d8c134c4cab18a",
    "24bbea6912de6c14b3a34a5843c015076c639f2b0f7ab85b91e1295bf963cb17",
    "25792a68dcecfe8fb2a3ffef3bed6b1d1e78a7f953c97f5cc809c49382a024fc",
    "25a96e8ec33da35f20ba66201951a9761ff044897413888e5bc62484fe203803",
    "25ec5cfd68cf3a064d037a154d9402b8da298b4606201ba7f25295a2983afe1d",
    "25edbfcb95dd9b5c004ccd4f09201a1e5cf75eeea11be22b8bf72880e98645e0",
    "25f578a023894aa3ccdddbca5fb33f1680037da0a259048b92a3502cc2f5f19f",
    "262a24a361f1f8795d732c96829fe9c3a89bb18d5f4a0fcfc9168c4eab9ae1b3",
    "262fc3deda7e5abac50ce5680f96db38c19837b66c46dc9786d89427f2ea8f3b",
    "27a650c649ef1dea2b5a0ef89a5512d50cb6feaad81e89f027bdfec2d5ea3e61",
    "297226657b7e8cd50315734d3af8d44b7545879caf5d9ea61c9515cc47fc5d06",
    "2a060fb9a9517e56abaf6d456eba8497b0443ac2c187abc98314a92391c57bc6",
    "2d1c84560438d8ed089289d6ef7f6067310cc96b85d2c664d3cb2982e9d75e62",
    "2d73260bf9fc167f266a7df435ee109a05d389129b6647e2a949d821cdc8f4f2",
    "2dd5293ed31046079eeda441ce6ef7b9ee90c4f016a3021b7a4a2ed780650b2f",
    "2ebece4618701443ba966965a16696a041ff25d7b00b1934b42b751cea1446bf",
    "2f3974fddf0c100930b0a594c3241492ee813839149bfaf5f8686aaf5eaf08a2",
    "2fc6e7a9a95b67439c1429e7a0268d2fc41156c27df12627c2b41dbf18aa267b",
    "306339b000c4168f2c1a7c9221d20892334f2089994fb88666f40050be67c31a",
    "309b677ffc9b3ab9a0bd2e61030602ab4c9459ad41ae15ec22aaf72fa5c21a9d",
    "3115514230a1f1f79852ebd10f662f57488605ee0894143893b381bfb377b8d9",
    "336853520b005fe1f4bb29c1cfffa5e073eaf00137749437c4bcd8f9b7202016",
    "33c463e646257ccbb69420a867517a85317eb8f7ee57ca33c9d3b6766fd19bed",
    "355730ea2a95f17c6d7685004d7767eff2eaadc9a7896a3499a299795411c680",
    "35b9b5eb1946d4172846bc9a74367c785bc2c414dd956616be5ba083a9aea1e2",
    "365e11312b74b8196362ade40201926eea2d2bc3a8c512dd0fa5a795d05ca987",
    "3727ce784060eac7a91b9560bcca670669fae550ba28579827c502e90a7c7926",
    "379bb98c631060dd8a2786e4070d383b070c4e0d0b1223859104ae254f636bb4",
    "390833ca747db4ec416d9df3315f53a6b8b2ca93567971c0cc3a7226720ab534",
    "39933d72fd7a4755d26b6d93489d1f0736944f9eae3b1af610da342b0e5b9bb6",
    "3af496133d539aa2e9b1c8f7f87647042fef3e9e40f68d94a949d5c0641fc5ca",
    "3b40edc9e6878d3af7663b183f15e4fe91ece83cb55ddbf464bf532af182ff44",
    "3da0af9e75aee8e433f85f3f30b54bd9add06ae8a5c10d21595587fd03f8c8e5",
    "3dd7274877375c5d88d62d0cd7de50ecd113ceba22be52b5c901abff3be5d27b",
    "3dda74e144195246003fbb0325770f101ff04683039aae5d52fcae88b79453c5",
    "3eb2c64739e59d814c0b916635810fb45dcd428d418b01a7b7fafd1d85c386f0",
    "3f415d8dfa1da5e0dec6e7cd4cec785d89e66c37e67107fae1e06577740d8163",
    "4124426a507e582e2c14cbec6b1ae52816855330f1e1dc924bf6f7742a994de2",
    "4180acbcf440e3e2bb21ac22f61f31c2229d9537bf8a668d9a6aed6302d4ad6f",
    "4198fbb255c1bc18e70132bf106529ac636b81cd60393037771523bb4b48e54a",
    "42768eac926efc8620784ffd8e724ca52eda2bec0ddf94797408a569f9db4a88",
    "431825b52d8a809575b06c5bf206c45df9dff33bbce4d2ff3968a5cec13772cc",
    "4330a801b148e2b9fc942296d32533b867b959ef6997a0aa0a8773f433338003",
    "43319d808e807a7547d644247d64845dc7598026f4a0a302da0f2e1a5179b48e",
    "448016cf28b984b6bc42dc1b9d7deb0c624e6556dbfe55a72fa9b5cc2cae5887",
    "44927a250c33e1f763bae16149907da9fe3bac0b04d594f7f340ac5bf05f86cc",
    "44dfdb5a9159f9c5d4cf8921f21b49a4e2197a43218bcc2d885654c68e0c76b7",
    "451062f452f6e3c557366837ca66286dc49d0770989333bfec1a6010f74f0e32",
    "455b4a95d32e1aa685214d208cad872cb45af529ea988bea16b1f38a40dc44e8",
    "46b718fae15d0fc215219e81df6c521dde5a2a4528025eebf767bc19b7cfda65",
    "4767bf5ab4f13f34f7d42eb2fa9c5df3502f7e5cefba49da26db8562a833056a",
    "48702246a94c733836b6cd2adb6f988f96862213ad0ad05df39a52427be17025",
    "4870ef3fbe9ad05bf55b8a1911971ffb8baca80a6b215ae13e2ca6cd2b8faa8b",
    "49c512ea6acad2d40e933955d5d81ffd9ffee0fae3baf3439a27ef77d94eaaed",
    "49ddf842072c9cfcf11536bcaf4b487a330a4a856ab6ca3b6a397de6a39ebbfe",
    "4a4adda5d75ec7b244635611ff6888435be6aac1cf9bcf7e3ada8bebab001778",
    "4a6fb61746dbbe5775e455d48162841ca4a54d236cbaa065dad1f8e6a782ea17",
    "4ab197d463ac437f3d7c6b30144a1e7b1f712f4fbefbef2eb6ba035e935a3129",
    "4ab25d5bf8c559c693f049bc6f2adb7d0303409b044dad6dac321fd75d6fd10e",
    "4afa477a385ead0ff326a065248c54c3875b97f43aa5f5dbb86b89cf6496d2c6",
    "4b0ec73fd5b9a7664047b1babc8834e2ca266e0452644757ed8f114fa59703e6",
    "4b4980b1d862999457db4231945a768f8f7a5d0263c85aaecfa4115bb48e8309",
    "4b969784428ad09b94ae47a14993b9fc9c7e291e297d8bfc1389804e5ec9bef9",
    "4b9a0deb5dfdf3c0a6f0590206221b995e742c0e8d5d6b96696a660c941d56bb",
    "4d20c952c86855db4acd337595defa3921e27a0d1089512858c15e679ac919cc",
    "4d48a3eddcae3eae7a91fecb3eb54e434f3dd05aa9d7fa24e584fab4eac0967a",
    "4dc616705c4290b3f330e483862a54f9201a6b24aa488118a6c21fbaa2a4f45b",
    "4fae8ce59ca7766d904d99262a0bcd19d58d3aa6b12614af5a8d10076938daba",
    "5003a6c4ef915939308cbe65df196e509da4cd49a44f62c6b5edd326d60aac07",
    "5097b940092f97a00e18b818013ed575bbbd37928ff048026777eb167f38ecfc",
    "509e4bd89a529adccc258f916722b3306168344f571a236c082b42397943391f",
    "50a7dd382aef432bd26523c307eaad142ccd0ed4fdf73e966f5950851c3fe8f9",
    "51ed7333d7beaf3ce233cc578fafe72fb96f8219400f6d29ee652fae329b189c",
    "5267b4f645767d0cc37d2fa7e512edbeb5eddd1fdd5381ec698e1e85f9adb203",
    "52a010af89c673738665a53630864af5b4b110908e1d8033713d9c90eacfdb4f",
    "536ce9e4ba64c506f0858a4d3f62dd1646d23910adc95896e4cf763b72c2c91b",
    "53b64d07ac676d821088023c74ed2fc53fc9c7ac61c5cbdb403018d774443110",
    "54a8a03e76b4961f6e76dab748cf00f2a6f31493e75ca62b2c41e807dcd43758",
    "54e8596fca7c1b6cb8146b5e1dac917aa375a9e598feef1a1eef404b3913e89c",
    "5592ad982dbff2326caf7afba83343ff672934a108dcac924c8c7626596069eb",
    "55eb865aa8478991b20b2709e6e69af4c71e11746d88f13aa177256460c346ce",
    "55f2e7ed5ad04247a8f75a2dae8805dba8cb50c51dd8623cba09c45b0df2cda6",
    "5736e961fb0ef5b17b5dc3f048b73bb9ff40312493eb29a640d9479690fd340d",
    "57c51f7ed2bed0d2886c08bb8fccbdc4ee3d9e80c116e27619d28582e0d299ba",
    "57d16525c546e290f17360836f10a58a6e19c467f86d77f43c2dd175fd5770fa",
    "57d4b25f1eda6b1843b83f418d409a1cc57104ba2c02dc0aa97d627e1fedeee7",
    "587aa39aa7f02a8c5d3316121f1818a5f3beb9e0c806b361927e4577954f03d5",
    "5a0bd9563d2e05ca394ee7bedc5e55f386f82ee16f4227c410565066c6585660",
    "5a6e0172d05618e894180acf03127275d8de471c1c147a34edfb8e09d9030abc",
    "5adad8df343dc13a418e78eee0c949b75787ee4a2829444d8562fc6a6a90e4ff",
    "5b2b3395ee58e0ea74356997a824342a0bbaa94fb33c7ffe426e8920e379f3cf",
    "5d098f28824915d2f291c6275ba67764fb446d4322bfc6bf1f3bdea72513ad38",
    "5d5a5a2093e16b381453115ec14cfe55bb18193d573132167c980e9192272f87",
    "5da54154241ce857d3512388a0f573c308b96373f5233b06aeb6b027530ac823",
    "5e1a4681ad43df139678eb69692e06db7a3f3d401f9315dbadc0d1e2d08da6f7",
    "5e93b5e95d79f5fbc22ede271f0b3768436abf0b95613a748d738a48b9ec8653",
    "5ee7a9a8a522886de86bc507e638f594f19cd6e78c6cae10fcc063557a1ef03c",
    "5f8a678e8c2a8eeaa42d822afc30c2edbe6a80aeb9e1754cf05c891aa272d6c2",
    "5ff99b23dea90078383da78cd764ef06ab3ed10312e60c7f231a617a1d5979ad",
    "60adec2827cc25de0c033de85f9331780505dc28acacc2e0962545aff3c802ed",
    "6134cbd78b6b7608e000aacb9a291f8df64ef4c99c71bb494f526226fcc55f3b",
    "62b6b86c4f034559e6492465f78e63ac804836caa006cab555d4b57ff5d96620",
    "64cc87bc97341433accfce683485da3ae1b2e7d59efd5476963ec12173a51e45",
    "64e0bbe9778dcaeab29a016bd78f99ff3550386d2b3f932494611d513673e226",
    "650b490757ca237013468bb5fd83bac625301e41f2487d813ece056715b9ae26",
    "6661d7b676433b128657e568bb65ebdd997e4877843689d3f4b0303e0b7618e5",
    "66cfd0acebb180a12ccdb2daddcdd61e4ea454d10a7f7976fce301533d1cd5cc",
    "66e35cbce0bb38b44862ad835acacb474b178686aaeee455605bb9c0b63cd7b1",
    "679972b1c54236d177efdbe659963fe1991823d40cd08ed400f661a50b6273ce",
    "68a9139d217e6fb852922af92997d33db1b4fa36d169adb93a6abaddd11f753c",
    "69befca64d15d30a9f6a34b9a8201493bad269c46849351346f8a688ceac17bd",
    "69df93920d8d314969aba55d15481291ea0ec2ab5a9a3c6579dc888e593fcf3c",
    "6a4f5b153f37e3ed392a6663d1167b9ca2faaaea47429ee6e48410f2dcdec94f",
    "6ad930830c2a90f29b5d17d50c1044fce2505bbb9ebd43b0ab866e98fb269bba",
    "6adbdb079ff38fb977a37a85e8dc03f85e7621d99e42c57448cb2ddc7a617e3e",
    "6b9d874818007d3c9130b49ccae97044ca5eb02b14098dda13b3b40f315b08ea",
    "6bd7e841de33a99c8175a6285626709477efbcb74e59b0b5309668a3ae5a71c1",
    "6cd3d5cbffa7d073fe08ec3bde3b2b87380d87ef96369b89f5ae80f7ffbc49f3",
    "6d5c07745ef0e8790154eb0f2428a4624ff85011655c08adea0d00028e543808",
    "6da2662c8d9396318d9b72c90e9b88fbe3b5d2b3570e987ef197c702584892c1",
    "6dcd6a70fd3acafa56f1b7f0736c4c13f8ba8d45d43161b5d09fd8672b030fcd",
    "6f056ae9a6b838a4b03ffd35a848fe64887efb4be0dcb19611694e407a01b64e",
    "6f7583f5682cbf243c4315bd6f68e0cc8056f137241e2f159fe39fb816a51929",
    "6fa070350b71af9685a98835c6447218180ecbd0b6cb43b2da975d7dd56b5f47",
    "6fcfed52b7dcf6f32130e807ded4aa754d883710ae489f42a3ae88599b57e2b0",
    "6fd50b6c808c72382ca36494c64d1fade35974266bbe452f3b45675efab36d1e",
    "70c9aaba28305b5dad6d5f747b0ee6aa2a2cfeb74883018f1c6f1ea82a661ea2",
    "719647498a17d684b0479fc4669d2433db84ae1dd87977af2c3fd4c84f6e759c",
    "723805143a3164905765384d5db01393d15bbc5f67dbdcca8a2eb64e1f851203",
    "7265348f56dfedcb2fce4cb95de2f25a487b37a9f3654d8c78ea435c01ecb131",
    "72fcc7a1f7f9edd0e54850edc8d06535837cbed8149ba98b6e9dae764fae0d13",
    "736e4ab30d460b4dd56565632521b45a2ab9c71278731aae275301b1ce3e6d4c",
    "73d53050f7c1766809992e8e826872e41a3190b1bf1ccea1dc59718e103e08c2",
    "73e6fb122f1ea9389d2350367e8421303849618e2a628cc8c2d55e443f05a21a",
    "7428419fcd115df9b0ab8f15abf56d6a4ba60b50aeb2a7b1d973e4baeb6f8a88",
    "742a32156acc6c8bc601797268003820ce32ecead0875f618321e271867d800a",
    "758ea50d1f24041dad86768a4645606c14afb7bae5146581c0ef24756d4f8628",
    "7669afb43e2ca6ddf9d0e22ec88dd3f9d752edb2036823b2d97fa2b5cb3a210e",
    "77373952445d6a964965d71afadfa3d3cce67896dd2e6289a42444959ac871ab",
    "77bcd1a631265dbcf2dc504a95e86e98beddcffcf89e35d3960ccb8a843a0e1d",
    "78971eca91bf07f6795e9979390ba90350369abed2fb7bc133a9dbe3007f39e4",
    "79d780c6eaad89301286966d8f2206f27502a54e4789fc6e50081668684f0e6a",
    "7a096c9335c87d0744f26334c8d11725a06ad4f40c368ede216950e40162b9e3",
    "7a11b35d4816693049457486ae16ffb0d4b410df195b6b858f8894c7be79c7b1",
    "7b01e919b86eb212ab7a251e291bc5dc18f436e2d5aee1f4027fb25ab80c2d51",
    "7b2389ac1ce4b03354cacf67b3a7ca9fc60945d97c82cb2225cb026b612edb9e",
    "7cd07e530c4ef9622307296b87e001060f31a09cde916e68e66da9f8f63082ab",
    "7e980b3a70410fe3b835d4daf808424b4c54b0141b3340f3184cf401ee1e73b8",
    "7ebadf71ea14ceb7dad67bb2c3e1764b01591ebf095cc853c4a1e7f5f0314816",
    "8126660b8fe65cefb73d54bf6d9f8f564de88dac002e3a26233bfda0626d18c3",
    "8151809796f6a5cd508304ba33873ea38b293337c0614dec06a877f1591cb8d6",
    "81bc8b8e51ddf5945bd0fee76a8deb5fde8fe1fc256d8a51c834e14b6f940f89",
    "828d4f0fa37f933bcca18da5e303c8af9ee18702c8b31d3239d9b27a659a9ebe",
    "835e135979d26e3844290ffee8521322f5d990db2e2cecc19f11b5f128172876",
    "8372e826f1043742ce7ca3c24896d3e5fafd937d32bf1ef0847904fcfc155448",
    "83e9b4bd6f89c0a795ccc943973d899a4ae5797ccc81be27ea00541d88a9b0e5",
    "845a91e7b05b07805768833ef983ee42f6ba1818e928e65b7af7dadcfff407e5",
    "850e703597d7135006122adf3c4c9f389bdff523b23cae586a01f12f054cad9a",
    "85a523ecaeff631ba2070f13bd45cce9d3159b545456cd24124e49ada2cb1a4e",
    "85b64068fb210f766a6787648172f8e0bc4097e8bd4eeda9024476bb20c461e2",
    "862c38b100af87bcb7bbe7cd5801e33ddf4192a7ec89d84d296999c1abcf657d",
    "869e4960ecb8e72a876b7b14b02c9b718146972fab2fffc0766cf6233071dbd7",
    "869e95930689dd7ebc6cea361c822b19092e08631dded1d67b3f650f22da33ae",
    "875a40bb837b29f5815fc2a7abbe1c4ddc5f34cbb789d6455c8a55b86f6e89af",
    "879295229385960d6c927f3c5a4f09267c95537459e90962cd6d6951b2b61dae",
    "88477b2699864097acd9aa90e9ae97e068a4c138e46fceb2c00e0ff9e6811340",
    "887b95bf018acbc1424c8b346dd3b122f430f59a4f77cb50ce422b24cf330224",
    "88949cbf52b71fe8e03c0624268727a1cd736734a71724bf839ec4a851d7e3ce",
    "88b6a9658118a0958d39d0cabc7cf6c96f6f9edc4785066d3b836c257c359156",
    "88bf59b916db9e5451e833371541386d8e4ad0980e321544be5de3325001dd45",
    "8900817157fd14153db65fe6a4e27469546e99f9134b2b798f13ae666a07e6e6",
    "8911ffbbc70c001920ed3a346579264efbd5b7c149c53156e93cc96b7cac8508",
    "8960d37fcdc53be1972d095a692a7e31ea3dc591d1576052ea77a19fdb4bff15",
    "8977d61fd7298887d00f5ce678f0096b5d0b9f18387d892acd281344296bf156",
    "897e7a97ffa57e4b8bbbc690445dbaf614a0a7cfde9adb87602d21af162743c9",
    "898a85b8157b5883c81771e7fa823647a4294cba0da8dbe5223d03a53ed354d3",
    "8b3ba2f8e5e5e097ff57190e011d0e29af4bf19981c0037466d3f6edd785070c",
    "8b5fbd962917eb3bd79c6fb0937bfe58a7b98ea7635019c8b1baf9471de1e3c7",
    "8b7df33f0feead79d359f94428a9a3266a063d72ed04f0a7b6bd8dff0e79dc9a",
    "8c0927c4c129f8ed35a487996a5389b6099f670be04e5059a9727eba5ee7985f",
    "8dbe50c875db33ea8269ceaf2eec218bf5ba66639a0423d3698181d22136dfd0",
    "8e0ae2f21326b4ce7a23de65499079c27efd8aeb2a83ef354c931c8fbf87f756",
    "8e9589106b4e2b1e451fa2ed0a33a94d8a816825a091228e399377e468970bac",
    "8edea4902d941f94259b58cbeb8d13ffe138fd56f9358c1f41e675886727626d",
    "8f2842d995caa336b777ea1ca083049242dd63d99d21c2596a526149d808f4c8",
    "901d23a1eab07f22cf39df32415a679825969140e54a4621851a5704fa66b1a8",
    "904e731b87e6479d207f628466a2a7fc192e3389aacb43b69fd915f7274d6b06",
    "91bda82ee8b6a507e954885f5971e52a3cf5de5db61599c284ecba5719188ef9",
    "91c6691e67cfeed76493e8f16a1b490b29ce62a49817d94c4946e113f8e63e82",
    "93239dc000376ba6f2a02d7d0ce66dce8c353524770dd5710ab846a34ea4377d",
    "939ea6d98c59e4b90576767c7a0a7063204c9738a1076bd0a5a4ac5e6a4ec148",
    "94478e0772df6fcb0e78c9654300cde7fd483eed0ad6f5385be788c5136ccfca",
    "945e7b496592d79672873864484d1d32d202ed52399a8eb8c812758a0d9f5e71",
    "94ac725bb5f200af6eea5a95f8b91fcca25112b2abc7dae98e6045002b6dbb2d",
    "94ee0ad2f2ce870b48376fc56b6e62c75527faab80de28bf19840302f00e2cb3",
    "9528ea33e8cf2826915e373bfbd965d12962e2a3d04be6fbc19d7c14ed446852",
    "958c515425be768167a9adb851af8b7ec0501455f7243050366e0379a86893e1",
    "95f55f5bb2492725a8bb53ce38956802493c622316f49a8e142e299f7316c3df",
    "96307b55d3bb00effa9afb58ae8c1034390e597b840a4e38e26baef850d5f950",
    "96ca445f751369b5508c8035ec77d9ec8f27fd90bd7754e0950c8f96a836500f",
    "97b9d368bb8d9ac3c98b243432712befe6a757dcd96656deeff823e9b492bd72",
    "98511f4de6ad5496b1ae21a6fedef78b39ee78177c6e4a55c00c8f0245bca153",
    "99091592b05dc4279977a3cee27df15a889c9b969b1c128481de2054ab0866ca",
    "99217a15548a16c38a1ab041048746ee02888ea19ee440192666509de00c6ed5",
    "99fada4243a687ed23759fba66d820ae3afc4f1a71d91f70a5d25afb532b1066",
    "9a2ec810ee3f81273c58bb528483c54c0f098206c820d11dc4014783d0d76bbb",
    "9a2f1580caaa5dc9823d6445bae5127a36808d992c41dccc327de94ea9f84376",
    "9a86fb4ffdc4aa9ce87897b41965d6d004665c5b1fe9b92bf9db90555ed7aa0c",
    "9a9e223d9490b2270d7fe20bd3749dac819062b2812e13cf37a81ef534264e1a",
    "9b47f4cb99cff2f2a915dde845a3bb6f661bb4dfeb975eeacdb103e128a495e4",
    "9b6f13cb2eec2c9178dde70376c133b9bde3d8ae409a9929e4e55bfe1d67ce6b",
    "9c8dfb797e99fde8d17d0dee92e4ed21a56b8befb20398bef2bac6e483bb241e",
    "9cd6c3eeaf56920689a5469339835e91346bc14acafc5e648458acd7b565c0a1",
    "9d43566e3fe5fbedf8072e28200d8c2d21c43bf753ca7880836f0c52695a50e9",
    "9df05fc4bf46f99cdd0c4f2cd6b250da6aec3ecd162edecc2a3a61b880fd7427",
    "9ea9aab95ce72ad0bd095f6f05e3666b4d702fc1a19667eaf685fc5118a730dd",
    "9fc76b0e684f5a372a1ce9dcd3a7f4e239e671828b6a57712e0a61c00231a681",
    "9fe76d8f405979ec2c144df7bc93d1a8f10f4cee0ca8fdc1d1a267a645a967fe",
    "9ff61afb73d75ba750758a8b55318f8ec0e12aaaf4e1e9df6200c1f345df5de8",
    "a00622df4a9964b546c779059861a087d1cacffbe3e0dfaa472d20d06130c1d7",
    "a0fd3717fb801eacf25f3a6d32adae3416f81b609faf01a3c3ad330bea15a50a",
    "a12f24b2c5bf6944cb41c31d806ffdcaca28016d60e60fe75fa805c19317f7e6",
    "a210e79fd56af4430a9c066aeec81af9fd22889f382d7996d8f274febf5325a9",
    "a244493efeb25283c7ea38044e3d4f4409d1d44e49a7ceba6e29ac338efe2c76",
    "a29d93160efe3556f6dd3efcc48d28df03a13a28b7c0e0c8411d9243b34c0ad5",
    "a482d2e1fb2709c41be7021ac86abbd866652c7f3ccbc20e7156d7a4cc96f047",
    "a4bf09487e50e4327b7853e7ea0eca2c6e59a4fbf1fff9d08ace9822b232a304",
    "a57317c991e1e2833f851e9622fb4116c985a28a8d47ae7c929d63e60c496e93",
    "a5bc9d56b958ea46362c94f638d93829bb7e82a6dc05d3536e4984a023adc37a",
    "a62c7becf5eb006af59b8d398d024ce647263e4779834113685a7541d3164ce2",
    "a70bdb7b31027b0488046cf1e15ff2e3a215db2ce139a2fa8881a86185711b3d",
    "a7234b04ca37bca388881717b8dd6e6f457b3b9541aac340f5d70d2c047f8eb6",
    "a9b1f83e51b24bb8ec1f8656c97ef04298b1677836044db89070d6b8a75f87db",
    "a9ff8aae70d16fd9af15b9b00b06adf95ec3fa15b8aeb3742d1a3b365f4d2787",
    "aaada55c89ce38ff87858598822a3f4b7fa0b3ee2c3b8f72d2fc8896886486bf",
    "aab702ac825b10b5b8eeecba608ab75988b68604618c032599c321e895d715b6",
    "ab12e061a000b83f7d8899353d62727a699ef7a2c04b46509f0c2c8a60155a9d",
    "abb9c6ece8f36c55d056d53cd838693bd837ef5007582306d31a0b83eaad31a6",
    "acb154e4d4b186ff6f09df2993959c3d64ed42d02bce69844283460559d14d81",
    "acb1a0060e276db8bae3122f3db83feb5a00a4ff63f09d834b7f9a0a7bbc13bc",
    "acd2dc69eb9acf833adff2c567d12416a22ba4ca97328ae4b488e71ec8ca59a3",
    "ade90f86b46accb65939a4a3631ae8620b6769f560abcc7573d157bc9a9ab856",
    "ae36faf772dd9c32b77a681f792686fe163f8272a4cebe51ea2874063265cbc3",
    "ae3bbe454f3030d0fbf344b06f66ab25b4b4fedbe522a4bb4b191870c1adc7f5",
    "aeb24a20ce66b12c1d94bad63b8e7e561555bb15c12dc17bed8955e98c1de3e2",
    "b0d44f87001c2a70a01f82172fb31cbc628ed40c43f741bcbe5652e28e4a5f4b",
    "b1d4bddca07519650064177c2fcc32edac9545d2a20b64027d45afbe5b6827a9",
    "b205aff8b648a74d7a13b3c038687ca196e1dc97754b4ed5118dd44f829f17b2",
    "b323ab253cc9a647d5ebdf97d6812d05d83403631902b4ff3413390d73205773",
    "b350a708c8b0da546298b85e67ffe2d894e1aa39b442b8b0f9d37716c4f440c7",
    "b4608fe49ad01948ed598075128d316b9723d10816642158a83cd5395d97a1ee",
    "b4d66cb2bde9e278c15b4b7495f9492e6298814199a759782f32d8dec431fb93",
    "b58e1392c0a67b165fb0cf769bd758e015b32ee6fd172ad46101229c530dc74e",
    "b5cb3e5a960e7c042a27b18f65f6daefe3bc3a6876c66fd45af34123d88aba89",
    "b5fd8679a56d91e41ab1846763ef86f249d800019caacc114fdbd8b502e5de57",
    "b85db1adbcd61a71c730cbce9b866de2fae4a9783f32d16d437c9cdefa8a6816",
    "b8df6d5b0aaa2f24bef128fc6e8b0c6e1afa694d5b734bc0e452a025425aacde",
    "bb56b934773b768998d39686c181640ab2915888ecbaa84758f6b8eb532884ef",
    "bcee8802995180650b59c314d60233ec8397bbabed72f7c973e82be16e878e1f",
    "bd5d6e324e0669014fb57c150e7bac98e46c37519c6d0f032ec38f2c14d18e63",
    "be56fa1127ae2e3f6ee40e1bdf2cd2b566bf6760d9d31bdb6e9b2a709382a623",
    "be96aa6fb26ff163e570153f61ec0a788ab886f1548a5d70d2fdf89797e44439",
    "bea18f98e5c9a7352aed53020714703852750526e531aaab245c690f465fa1c8",
    "beb22a4f48d8806cd7336f597114009076b53534e3c058a92621d04a2d599723",
    "c0c0185b4b0373cc33e9c6c2558743f2661776a0a718baa78c9b46618713e8e9",
    "c0e1291deb54872157ebce05744499bc48f6659c567037cf29e0f545383e891d",
    "c10cc475c6be2875ed672cf3800b669981094d60094a4bd991831c2575cc56e1",
    "c227bb86d018161dce6167367f175e28aa8841e9b6fb8a557f5912c86e92db8a",
    "c29bccfe15fe6276a487a7b7fed7c8f58fee9a543b047c329e0ba9c752cd9e42",
    "c343cd537ed008614ccf45ec9180f234c26c6bced596e6038c9087179e825680",
    "c39d52234ce23809733af92d1f9021ad0b236419be4c282a8f428cc8ce67cd45",
    "c55e851a6fa32bf45f42693345786cf57415d70ac070ed18324529ddd4c62e51",
    "c79bfd27f6fa7483bbbb71e7a39c29ba7c9a7a39837b04c833c4fcd7aa9c7527",
    "c882598e3c7cfcbdb1998b85dafdad6f0267d69ef48680457fb45cacac5b0c77",
    "c8d01c64b2dc006d16a378f85c8d3f5b055cff345ce6420f6df5980c2d5bd807",
    "c979798f7efc05b58b9ece70d016c27d435adfd14db38c4fcbdf1e9cfb430978",
    "cb2de90794b8b5fc9e3dc4018e92f8f3aecedfc6682fd9dc32c3df67a534479f",
    "cc05110344fbe99dcdba839eefb9bc6d24ad1f1024176bb55112fb9c61e5d340",
    "cc06556c365852ea608caad788103bfa9bb85fedb12b3b5bf816976ae1af8a11",
    "cc6a8b2c6df3dfb56c08950ddc117bf2066d275b9f61000ec114aa1ea3bd6d19",
    "ccb05f8736943bd83df0d33a7e2dde251f8a0ce573b97727fb2508120939af2d",
    "cd687f164ddb079d2cf30aab06b8cf74d8643c702188774deb0230be519a08c0",
    "cd963ff72f0ddfa3db1fa5c3e27c56e41d6b99da69eaaf2c925a98efb7a00d69",
    "cdb2bfd652c448358e28e23a74695ec5cb743245d2992092148c26c9e9a2a85e",
    "cdf0d827cc3248127b823482002147198c955b839fd66fe53cf7e8ab2d02ffbc",
    "ce63fc4aed12da46192037b89e7f94b19ff222451f4df3a397f3cced9036dbe0",
    "cf838ea134f605598de037b2840d66676ead66634515df86e01c78a55282fc84",
    "d1dd2c1f08fdc31cdf9037dbc8b478e222e44cd97681083de0a40b79db4046c3",
    "d2a1003c7d866e5d0e76ff4126109e8a43df14f5df0d5a784c92b60896d7dfe2",
    "d4a8457db72c971572aa4900c08a6321212ef2ea9384250e56bbe6e156efed01",
    "d53c72216b2b5655f70be0c05092d82c5071a9d15c2fb5a0393dcce40c8816a3",
    "d6f43c5cb65154aac12889e5f578f8682296b4f91d06ae6f6749d30b74a8ecbe",
    "d726f6f1039ebc707ccc7391d364ccd71a28fb159c4e7c6e9f5c45f937eb61ad",
    "d759dba76690370b4e2aa2d31d6f0a9b15d7f1f4e0b7893869cb524f4ebcd54d",
    "d7e54364a006400bebd0fcdff2a3daebb3ce965641b401bf092103f81a3171b0",
    "d9917fb04b9d0a7364a17d9a1db9d0ed3aca5b45ef26006a5c8bb8ced2a4a16c",
    "d9b235f062174228ad734ee56cb54bff7d52f27dd45c223e60e07bb2c9b094d3",
    "d9d0454715c51bf5ef23640b4b5bcedcd30e7fb2d60cfd53a59e678a7e629112",
    "dad5fbfae5279e2f99433db424fd2ff194020b53ab4f2e1b1e4e2bbc26d04e4b",
    "db97dc2788b4946908af6eaa32eac6adc3845c96b4dbc6b4796baa300ea5ec7a",
    "dbd6bf927f93cbbba77d6d27a102eb631acb91803e816596568003103bf68478",
    "de20c8e1b375558f65dda62e4c6e5516a24c9b4688b0781e6b3617dcfec08b4f",
    "de66dd026d22a1b0a21a0f6a9e8413f3588236d932e42d0a88144bdf8b9c098a",
    "de85cc049e081a008d45e8710ea89bf7828c2f9a449f44eef9c226ed17f6b6df",
    "debb4346e2ccb4cde816c0c3039387cbf26c1bbb185477d36faead4da308e152",
    "df8d7a20100c2047178cab781a52138f3f579f6b5fc8fc4bfde17697d78d7873",
    "dfd291c3134d507bb1268174304a75a7c1150f35159d402725e550e8b4a2b169",
    "e033f1864db51cf991fe18507780df7f05dce3d8eab7f231195b0df9034164ee",
    "e04cd5f5f306a018a441d68b56bd87e406cf60c5dd85ba3bf64179fd9b9b1615",
    "e07a85955e1b104f565259830c8600a3fa194192be6b17dced6fff452af4d118",
    "e0e044f5c7720b4388e38e2eef4c3620e0e27bffdf070da0a1df550e4bcd2878",
    "e0fe7ffac5235ec3217deb9e1e8f234a3250e71fadcfb59d346286b5b7bbc24e",
    "e194c4452d76938f901b27dec29a9cb28f49d568a31e600475f80ffc03654dd1",
    "e20e0a801266f420462c78274b68456df1296baf0824c7b150ddebf9d60d4723",
    "e214032c16909c1e39bd1c41d57f46f2063458cb5fc9c5f711894e3d555e1d16",
    "e4a28283a038cd244bea81fd34a8ca65e63a040b77f758a28ba80f04aad9c18a",
    "e4b8ec0654b4c479cc561edd09d95680110441d8ba9226dcb512fb877745ca17",
    "e5470bc8d8e38095ce92a78889873908372b8e413b9be1c21dff83a4e5095bb8",
    "e608aa3e24a390ad6628d477ac8e493ec158e1be10f865afa530093ab92e49c6",
    "e6f5935cfcd89c9a9283861d4d00fbbf34168e83c9e5155d77a64888456dc472",
    "e78ad5c0840d17124f16858da0bed9ab6d3399dd3a52d6554edb40be60dd610e",
    "e7ac98fc7e790b29643d177b6c36b7ff07067d34a2182d8561d7c8ed1acff7c4",
    "e7cef1408e510a43d60792a2f7108c9c164e1d929ed97b071c352f428d559d55",
    "e83771340eabd39b69f49c0faf56c62bef102193bdd73931e0ddf7c25bf32825",
    "e8eae7c5e34b48367a26dddb21a69e2e50dec463069ca81ef608b0f17b1437a1",
    "e90f527953c8409c642a071aeffc77f5a050ef175987a9aa07a8122152916d4c",
    "e9649cda99d2d315f96345e98f38249a1ff9c75698d910654a7b3eddcee56b17",
    "e99806daf872c837cd7a4b54d0128721308fd5484e0b0a5bfecd5f602ce93c6f",
    "e9f423176433411dd440ab6d6ad404c9de4a2b5ff01e49a26d1c047e5e8457fd",
    "eac9c57cd2a3405520d71e66e96b37c92b4de005dbcde3864b501a825ee952b4",
    "ec9697cc7c9394181d6d05d75f86c1f228a6b172efec325705af78ab795632e4",
    "ecbcc033905ce1ff257b7524ea8962e2102bb7ab19d9ca85993ad6aa4e6455d2",
    "ede35e6f936e4097c9d00c17cb45317ad63b2c66be95d1538fa2240b6c20afd0",
    "eebf4919eaf6291a08e0a4c75df00d918e073e538f15a05f855d154a6346fa8b",
    "eeec40afa0fac30e204ee6c9dca00923a1aaf3f526a0a96b9061e8db9843f981",
    "f056b121c7ccad909c804b5c0a9f4760267c6b123e66d817000187e76ed1adfa",
    "f0963c2192026db90a2f8cc60dee5685fecefc0280eac2c1cdfc10112873edf6",
    "f0eeb0498520cb9787eff31afa512074e1ff276866c522acaff31e18fc5ca833",
    "f1188216299e449947efa65fee8eb1f8777bef30e0be2f4b32b2ffe335d349b4",
    "f1b1f9a3c78c5fe2cc064ae38886607f272bbfb9767a284d5fcdb209fa437cd2",
    "f2c855d1f8400de2ec31c11952a77c456a3fc6c1bb90f72fa0775e664968e461",
    "f331005c765f8d2cc79a9fc6ae8451373337273eb3ade0f1e88ad3aa2efbd761",
    "f355a996132fc45d4f4ebdefb977fa02b89f17fa3054ce34c65f08f57061b457",
    "f3a4f542bf122d7b9cae253bb7c5cf75a5bb640178ba251b5f54241bbd484be4",
    "f4a00bb1559c3486cae1e00072d82cba2fa7a77ea56013119f50c15d3ef47d78",
    "f4fdcc33ba7b2191f38537e30844d02dee49a11c863204648a3fa3c4a8ba4d71",
    "f59cb58ab3fa197a7006ca7de6f4980dbc322de1da5791631dce3cfbd97b3c61",
    "f813c2d61cdd10643315cb085e97db8aa9f699318418cdca997bbac2077c4600",
    "f82f9b7cc45dad1286686f6fc3363586273a475e97540a2e7ac7fa878c34c06d",
    "f85d0f7835586e711bce887a8dbefe44e643df64af4408e5b130e090c0a89f5c",
    "f8bb8415303539024d3a91fcdfb2f7f8588c2d2163d3d6355163df2561b7c216",
    "f8bec55288f45f6261fc1efa4f86ae003062c644f1a60659e2f26b099a634bea",
    "f90a27f796c091e51724457259c5a449dae66141611b000908cc03499dd69c26",
    "f9b2df095f63a820b538a224d533753c0947a32ec3846045406c5caa708bb8bc",
    "fb781b7d248c9a37c9be4819539f02b24beea2277241e7573f3a6e299635968e",
    "fc2f628a455fc6ae09029b0f29092f8a175f81398054d42d7a8c5462c5899e9c",
    "fc8f64b00eddeca67a73c9c956dfd9c9ffd33b5e48b1afa0973632fbe8cdbf7e",
    "fea8bdf6f9fdfce8dc8ca9c6faf8f67d86fe612e2ec05bdc3e7d01be84533fe3",
    "fec8d8bbb2e6550174bd7a60924c92c0360a0355fede12c6857f1eafd47f2940"
  ]
}
